// !$*UTF8*$!
{
	archiveVersion = 1;
	classes = {
	};
	objectVersion = 55;
	objects = {

/* Begin PBXBuildFile section */
		711392AB28E24C5A005B19AF /* MenuMoviesPresenter.swift in Sources */ = {isa = PBXBuildFile; fileRef = 711392A428E24C5A005B19AF /* MenuMoviesPresenter.swift */; };
		711392AC28E24C5A005B19AF /* MenuMoviesLocalDataManager.swift in Sources */ = {isa = PBXBuildFile; fileRef = 711392A528E24C5A005B19AF /* MenuMoviesLocalDataManager.swift */; };
		711392AD28E24C5A005B19AF /* MenuMoviesRouter.swift in Sources */ = {isa = PBXBuildFile; fileRef = 711392A628E24C5A005B19AF /* MenuMoviesRouter.swift */; };
		711392AE28E24C5A005B19AF /* MenuMoviesProtocols.swift in Sources */ = {isa = PBXBuildFile; fileRef = 711392A728E24C5A005B19AF /* MenuMoviesProtocols.swift */; };
		711392AF28E24C5A005B19AF /* MenuMoviesInteractor.swift in Sources */ = {isa = PBXBuildFile; fileRef = 711392A828E24C5A005B19AF /* MenuMoviesInteractor.swift */; };
		711392B028E24C5A005B19AF /* MenuMoviesView.swift in Sources */ = {isa = PBXBuildFile; fileRef = 711392A928E24C5A005B19AF /* MenuMoviesView.swift */; };
		711392B128E24C5A005B19AF /* MenuMoviesRemoteDataManager.swift in Sources */ = {isa = PBXBuildFile; fileRef = 711392AA28E24C5A005B19AF /* MenuMoviesRemoteDataManager.swift */; };
		711392BA28E250FF005B19AF /* DetailMoviePresenter.swift in Sources */ = {isa = PBXBuildFile; fileRef = 711392B328E250FF005B19AF /* DetailMoviePresenter.swift */; };
		711392BB28E250FF005B19AF /* DetailMovieLocalDataManager.swift in Sources */ = {isa = PBXBuildFile; fileRef = 711392B428E250FF005B19AF /* DetailMovieLocalDataManager.swift */; };
		711392BC28E250FF005B19AF /* DetailMovieRouter.swift in Sources */ = {isa = PBXBuildFile; fileRef = 711392B528E250FF005B19AF /* DetailMovieRouter.swift */; };
		711392BD28E250FF005B19AF /* DetailMovieProtocols.swift in Sources */ = {isa = PBXBuildFile; fileRef = 711392B628E250FF005B19AF /* DetailMovieProtocols.swift */; };
		711392BE28E250FF005B19AF /* DetailMovieInteractor.swift in Sources */ = {isa = PBXBuildFile; fileRef = 711392B728E250FF005B19AF /* DetailMovieInteractor.swift */; };
		711392BF28E250FF005B19AF /* DetailMovieView.swift in Sources */ = {isa = PBXBuildFile; fileRef = 711392B828E250FF005B19AF /* DetailMovieView.swift */; };
		711392C028E250FF005B19AF /* DetailMovieRemoteDataManager.swift in Sources */ = {isa = PBXBuildFile; fileRef = 711392B928E250FF005B19AF /* DetailMovieRemoteDataManager.swift */; };
		711392C828E25695005B19AF /* MovieDetail.swift in Sources */ = {isa = PBXBuildFile; fileRef = 711392C728E25695005B19AF /* MovieDetail.swift */; };
		711392CA28E26121005B19AF /* DetailMovieStoryboard.storyboard in Resources */ = {isa = PBXBuildFile; fileRef = 711392C928E26120005B19AF /* DetailMovieStoryboard.storyboard */; };
		712E373328DBE376003477C4 /* MovieItemCollectionViewCell.swift in Sources */ = {isa = PBXBuildFile; fileRef = 712E373128DBE376003477C4 /* MovieItemCollectionViewCell.swift */; };
		712E373428DBE376003477C4 /* MovieItemCollectionViewCell.xib in Resources */ = {isa = PBXBuildFile; fileRef = 712E373228DBE376003477C4 /* MovieItemCollectionViewCell.xib */; };
		712E373828DCEF72003477C4 /* MovieMenuViewController.swift in Sources */ = {isa = PBXBuildFile; fileRef = 712E373728DCEF72003477C4 /* MovieMenuViewController.swift */; };
		712E373C28DD22CD003477C4 /* FiltersMovieModalViewController.swift in Sources */ = {isa = PBXBuildFile; fileRef = 712E373A28DD22CD003477C4 /* FiltersMovieModalViewController.swift */; };
		712E373D28DD22CD003477C4 /* FiltersMovieModalViewController.xib in Resources */ = {isa = PBXBuildFile; fileRef = 712E373B28DD22CD003477C4 /* FiltersMovieModalViewController.xib */; };
		712E374D28DE2E5D003477C4 /* MovieDetailViewController.swift in Sources */ = {isa = PBXBuildFile; fileRef = 712E374C28DE2E5D003477C4 /* MovieDetailViewController.swift */; };
		71E9FEAE28D9200A00656DFF /* CachedImageView.swift in Sources */ = {isa = PBXBuildFile; fileRef = 71E9FEAD28D9200A00656DFF /* CachedImageView.swift */; };
		C30893AE28A2F42B004B1860 /* AppDelegate.swift in Sources */ = {isa = PBXBuildFile; fileRef = C30893AD28A2F42B004B1860 /* AppDelegate.swift */; };
		C30893B028A2F42B004B1860 /* SceneDelegate.swift in Sources */ = {isa = PBXBuildFile; fileRef = C30893AF28A2F42B004B1860 /* SceneDelegate.swift */; };
		C30893B528A2F42B004B1860 /* Main.storyboard in Resources */ = {isa = PBXBuildFile; fileRef = C30893B328A2F42B004B1860 /* Main.storyboard */; };
		C30893B728A2F42D004B1860 /* Assets.xcassets in Resources */ = {isa = PBXBuildFile; fileRef = C30893B628A2F42D004B1860 /* Assets.xcassets */; };
		C30893BA28A2F42D004B1860 /* LaunchScreen.storyboard in Resources */ = {isa = PBXBuildFile; fileRef = C30893B828A2F42D004B1860 /* LaunchScreen.storyboard */; };
		C30893DB28A42481004B1860 /* README.md in Resources */ = {isa = PBXBuildFile; fileRef = C30893DA28A42481004B1860 /* README.md */; };
		C30893E228A425E1004B1860 /* MovieAPI.swift in Sources */ = {isa = PBXBuildFile; fileRef = C30893E028A425E1004B1860 /* MovieAPI.swift */; };
		C30893E328A425E1004B1860 /* Movie.swift in Sources */ = {isa = PBXBuildFile; fileRef = C30893E128A425E1004B1860 /* Movie.swift */; };
		C383356E28CA917400FCE0D5 /* code-review-rubric.md in Resources */ = {isa = PBXBuildFile; fileRef = C383356D28CA917400FCE0D5 /* code-review-rubric.md */; };
/* End PBXBuildFile section */

/* Begin PBXFileReference section */
		711392A428E24C5A005B19AF /* MenuMoviesPresenter.swift */ = {isa = PBXFileReference; lastKnownFileType = sourcecode.swift; path = MenuMoviesPresenter.swift; sourceTree = "<group>"; };
		711392A528E24C5A005B19AF /* MenuMoviesLocalDataManager.swift */ = {isa = PBXFileReference; lastKnownFileType = sourcecode.swift; path = MenuMoviesLocalDataManager.swift; sourceTree = "<group>"; };
		711392A628E24C5A005B19AF /* MenuMoviesRouter.swift */ = {isa = PBXFileReference; lastKnownFileType = sourcecode.swift; path = MenuMoviesRouter.swift; sourceTree = "<group>"; };
		711392A728E24C5A005B19AF /* MenuMoviesProtocols.swift */ = {isa = PBXFileReference; lastKnownFileType = sourcecode.swift; path = MenuMoviesProtocols.swift; sourceTree = "<group>"; };
		711392A828E24C5A005B19AF /* MenuMoviesInteractor.swift */ = {isa = PBXFileReference; lastKnownFileType = sourcecode.swift; path = MenuMoviesInteractor.swift; sourceTree = "<group>"; };
		711392A928E24C5A005B19AF /* MenuMoviesView.swift */ = {isa = PBXFileReference; lastKnownFileType = sourcecode.swift; path = MenuMoviesView.swift; sourceTree = "<group>"; };
		711392AA28E24C5A005B19AF /* MenuMoviesRemoteDataManager.swift */ = {isa = PBXFileReference; lastKnownFileType = sourcecode.swift; path = MenuMoviesRemoteDataManager.swift; sourceTree = "<group>"; };
		711392B328E250FF005B19AF /* DetailMoviePresenter.swift */ = {isa = PBXFileReference; lastKnownFileType = sourcecode.swift; path = DetailMoviePresenter.swift; sourceTree = "<group>"; };
		711392B428E250FF005B19AF /* DetailMovieLocalDataManager.swift */ = {isa = PBXFileReference; lastKnownFileType = sourcecode.swift; path = DetailMovieLocalDataManager.swift; sourceTree = "<group>"; };
		711392B528E250FF005B19AF /* DetailMovieRouter.swift */ = {isa = PBXFileReference; lastKnownFileType = sourcecode.swift; path = DetailMovieRouter.swift; sourceTree = "<group>"; };
		711392B628E250FF005B19AF /* DetailMovieProtocols.swift */ = {isa = PBXFileReference; lastKnownFileType = sourcecode.swift; path = DetailMovieProtocols.swift; sourceTree = "<group>"; };
		711392B728E250FF005B19AF /* DetailMovieInteractor.swift */ = {isa = PBXFileReference; lastKnownFileType = sourcecode.swift; path = DetailMovieInteractor.swift; sourceTree = "<group>"; };
		711392B828E250FF005B19AF /* DetailMovieView.swift */ = {isa = PBXFileReference; lastKnownFileType = sourcecode.swift; path = DetailMovieView.swift; sourceTree = "<group>"; };
		711392B928E250FF005B19AF /* DetailMovieRemoteDataManager.swift */ = {isa = PBXFileReference; lastKnownFileType = sourcecode.swift; path = DetailMovieRemoteDataManager.swift; sourceTree = "<group>"; };
		711392C728E25695005B19AF /* MovieDetail.swift */ = {isa = PBXFileReference; lastKnownFileType = sourcecode.swift; path = MovieDetail.swift; sourceTree = "<group>"; };
		711392C928E26120005B19AF /* DetailMovieStoryboard.storyboard */ = {isa = PBXFileReference; lastKnownFileType = file.storyboard; path = DetailMovieStoryboard.storyboard; sourceTree = "<group>"; };
		712E373128DBE376003477C4 /* MovieItemCollectionViewCell.swift */ = {isa = PBXFileReference; lastKnownFileType = sourcecode.swift; path = MovieItemCollectionViewCell.swift; sourceTree = "<group>"; };
		712E373228DBE376003477C4 /* MovieItemCollectionViewCell.xib */ = {isa = PBXFileReference; lastKnownFileType = file.xib; path = MovieItemCollectionViewCell.xib; sourceTree = "<group>"; };
		712E373728DCEF72003477C4 /* MovieMenuViewController.swift */ = {isa = PBXFileReference; lastKnownFileType = sourcecode.swift; path = MovieMenuViewController.swift; sourceTree = "<group>"; };
		712E373A28DD22CD003477C4 /* FiltersMovieModalViewController.swift */ = {isa = PBXFileReference; lastKnownFileType = sourcecode.swift; path = FiltersMovieModalViewController.swift; sourceTree = "<group>"; };
		712E373B28DD22CD003477C4 /* FiltersMovieModalViewController.xib */ = {isa = PBXFileReference; lastKnownFileType = file.xib; path = FiltersMovieModalViewController.xib; sourceTree = "<group>"; };
		712E374C28DE2E5D003477C4 /* MovieDetailViewController.swift */ = {isa = PBXFileReference; lastKnownFileType = sourcecode.swift; path = MovieDetailViewController.swift; sourceTree = "<group>"; };
		71E9FEAD28D9200A00656DFF /* CachedImageView.swift */ = {isa = PBXFileReference; lastKnownFileType = sourcecode.swift; path = CachedImageView.swift; sourceTree = "<group>"; };
		C30893AA28A2F42B004B1860 /* BAZProjectC1.app */ = {isa = PBXFileReference; explicitFileType = wrapper.application; includeInIndex = 0; path = BAZProjectC1.app; sourceTree = BUILT_PRODUCTS_DIR; };
		C30893AD28A2F42B004B1860 /* AppDelegate.swift */ = {isa = PBXFileReference; lastKnownFileType = sourcecode.swift; path = AppDelegate.swift; sourceTree = "<group>"; };
		C30893AF28A2F42B004B1860 /* SceneDelegate.swift */ = {isa = PBXFileReference; lastKnownFileType = sourcecode.swift; path = SceneDelegate.swift; sourceTree = "<group>"; };
		C30893B428A2F42B004B1860 /* Base */ = {isa = PBXFileReference; lastKnownFileType = file.storyboard; name = Base; path = Base.lproj/Main.storyboard; sourceTree = "<group>"; };
		C30893B628A2F42D004B1860 /* Assets.xcassets */ = {isa = PBXFileReference; lastKnownFileType = folder.assetcatalog; path = Assets.xcassets; sourceTree = "<group>"; };
		C30893B928A2F42D004B1860 /* Base */ = {isa = PBXFileReference; lastKnownFileType = file.storyboard; name = Base; path = Base.lproj/LaunchScreen.storyboard; sourceTree = "<group>"; };
		C30893BB28A2F42D004B1860 /* Info.plist */ = {isa = PBXFileReference; lastKnownFileType = text.plist.xml; path = Info.plist; sourceTree = "<group>"; };
		C30893DA28A42481004B1860 /* README.md */ = {isa = PBXFileReference; fileEncoding = 4; lastKnownFileType = net.daringfireball.markdown; path = README.md; sourceTree = "<group>"; };
		C30893E028A425E1004B1860 /* MovieAPI.swift */ = {isa = PBXFileReference; fileEncoding = 4; lastKnownFileType = sourcecode.swift; path = MovieAPI.swift; sourceTree = "<group>"; };
		C30893E128A425E1004B1860 /* Movie.swift */ = {isa = PBXFileReference; fileEncoding = 4; lastKnownFileType = sourcecode.swift; path = Movie.swift; sourceTree = "<group>"; };
		C383356D28CA917400FCE0D5 /* code-review-rubric.md */ = {isa = PBXFileReference; fileEncoding = 4; lastKnownFileType = net.daringfireball.markdown; path = "code-review-rubric.md"; sourceTree = "<group>"; };
/* End PBXFileReference section */

/* Begin PBXFrameworksBuildPhase section */
		C30893A728A2F42B004B1860 /* Frameworks */ = {
			isa = PBXFrameworksBuildPhase;
			buildActionMask = 2147483647;
			files = (
			);
			runOnlyForDeploymentPostprocessing = 0;
		};
/* End PBXFrameworksBuildPhase section */

/* Begin PBXGroup section */
		7113929D28E22C7E005B19AF /* MenuMovies */ = {
			isa = PBXGroup;
			children = (
				711392A328E22EDE005B19AF /* Protocols */,
				711392A128E22D33005B19AF /* View */,
				711392A028E22D18005B19AF /* Interactor */,
				7113929E28E22C93005B19AF /* Presenter */,
				711392A228E22D79005B19AF /* Entity */,
				7113929F28E22CD6005B19AF /* Router */,
			);
			path = MenuMovies;
			sourceTree = "<group>";
		};
		7113929E28E22C93005B19AF /* Presenter */ = {
			isa = PBXGroup;
			children = (
				711392A428E24C5A005B19AF /* MenuMoviesPresenter.swift */,
			);
			path = Presenter;
			sourceTree = "<group>";
		};
		7113929F28E22CD6005B19AF /* Router */ = {
			isa = PBXGroup;
			children = (
				711392A628E24C5A005B19AF /* MenuMoviesRouter.swift */,
			);
			path = Router;
			sourceTree = "<group>";
		};
		711392A028E22D18005B19AF /* Interactor */ = {
			isa = PBXGroup;
			children = (
				711392A828E24C5A005B19AF /* MenuMoviesInteractor.swift */,
				711392A528E24C5A005B19AF /* MenuMoviesLocalDataManager.swift */,
				711392AA28E24C5A005B19AF /* MenuMoviesRemoteDataManager.swift */,
			);
			path = Interactor;
			sourceTree = "<group>";
		};
		711392A128E22D33005B19AF /* View */ = {
			isa = PBXGroup;
			children = (
				C30893B328A2F42B004B1860 /* Main.storyboard */,
				711392A928E24C5A005B19AF /* MenuMoviesView.swift */,
			);
			path = View;
			sourceTree = "<group>";
		};
		711392A228E22D79005B19AF /* Entity */ = {
			isa = PBXGroup;
			children = (
				C30893E128A425E1004B1860 /* Movie.swift */,
				C30893E028A425E1004B1860 /* MovieAPI.swift */,
			);
			path = Entity;
			sourceTree = "<group>";
		};
		711392A328E22EDE005B19AF /* Protocols */ = {
			isa = PBXGroup;
			children = (
				711392A728E24C5A005B19AF /* MenuMoviesProtocols.swift */,
			);
			path = Protocols;
			sourceTree = "<group>";
		};
		711392B228E250CD005B19AF /* DetailMovie */ = {
			isa = PBXGroup;
			children = (
				711392C628E25615005B19AF /* Protocols */,
				711392C528E25603005B19AF /* View */,
				711392C428E255ED005B19AF /* Interactor */,
				711392C328E255B7005B19AF /* Presenter */,
				711392C228E255A7005B19AF /* Entity */,
				711392C128E25590005B19AF /* Router */,
			);
			path = DetailMovie;
			sourceTree = "<group>";
		};
		711392C128E25590005B19AF /* Router */ = {
			isa = PBXGroup;
			children = (
				711392B528E250FF005B19AF /* DetailMovieRouter.swift */,
			);
			path = Router;
			sourceTree = "<group>";
		};
		711392C228E255A7005B19AF /* Entity */ = {
			isa = PBXGroup;
			children = (
				711392C728E25695005B19AF /* MovieDetail.swift */,
			);
			path = Entity;
			sourceTree = "<group>";
		};
		711392C328E255B7005B19AF /* Presenter */ = {
			isa = PBXGroup;
			children = (
				711392B328E250FF005B19AF /* DetailMoviePresenter.swift */,
			);
			path = Presenter;
			sourceTree = "<group>";
		};
		711392C428E255ED005B19AF /* Interactor */ = {
			isa = PBXGroup;
			children = (
				711392B728E250FF005B19AF /* DetailMovieInteractor.swift */,
				711392B428E250FF005B19AF /* DetailMovieLocalDataManager.swift */,
				711392B928E250FF005B19AF /* DetailMovieRemoteDataManager.swift */,
			);
			path = Interactor;
			sourceTree = "<group>";
		};
		711392C528E25603005B19AF /* View */ = {
			isa = PBXGroup;
			children = (
				711392B828E250FF005B19AF /* DetailMovieView.swift */,
				711392C928E26120005B19AF /* DetailMovieStoryboard.storyboard */,
			);
			path = View;
			sourceTree = "<group>";
		};
		711392C628E25615005B19AF /* Protocols */ = {
			isa = PBXGroup;
			children = (
				711392B628E250FF005B19AF /* DetailMovieProtocols.swift */,
			);
			path = Protocols;
			sourceTree = "<group>";
		};
		712E373928DD229D003477C4 /* ModalController */ = {
			isa = PBXGroup;
			children = (
				712E373A28DD22CD003477C4 /* FiltersMovieModalViewController.swift */,
				712E373B28DD22CD003477C4 /* FiltersMovieModalViewController.xib */,
			);
			path = ModalController;
			sourceTree = "<group>";
		};
		C30893A128A2F42B004B1860 = {
			isa = PBXGroup;
			children = (
				C30893DA28A42481004B1860 /* README.md */,
				C383356D28CA917400FCE0D5 /* code-review-rubric.md */,
				C30893AC28A2F42B004B1860 /* BAZProjectC1 */,
				C30893AB28A2F42B004B1860 /* Products */,
			);
			sourceTree = "<group>";
		};
		C30893AB28A2F42B004B1860 /* Products */ = {
			isa = PBXGroup;
			children = (
				C30893AA28A2F42B004B1860 /* BAZProjectC1.app */,
			);
			name = Products;
			sourceTree = "<group>";
		};
		C30893AC28A2F42B004B1860 /* BAZProjectC1 */ = {
			isa = PBXGroup;
			children = (
				711392B228E250CD005B19AF /* DetailMovie */,
				7113929D28E22C7E005B19AF /* MenuMovies */,
				712E373928DD229D003477C4 /* ModalController */,
				C30893AD28A2F42B004B1860 /* AppDelegate.swift */,
				C30893AF28A2F42B004B1860 /* SceneDelegate.swift */,
				C30893B828A2F42D004B1860 /* LaunchScreen.storyboard */,
				C30893B628A2F42D004B1860 /* Assets.xcassets */,
				C30893BB28A2F42D004B1860 /* Info.plist */,
				71E9FEAD28D9200A00656DFF /* CachedImageView.swift */,
				712E373128DBE376003477C4 /* MovieItemCollectionViewCell.swift */,
				712E373228DBE376003477C4 /* MovieItemCollectionViewCell.xib */,
				712E373728DCEF72003477C4 /* MovieMenuViewController.swift */,
				712E374C28DE2E5D003477C4 /* MovieDetailViewController.swift */,
			);
			path = BAZProjectC1;
			sourceTree = "<group>";
		};
/* End PBXGroup section */

/* Begin PBXNativeTarget section */
		C30893A928A2F42B004B1860 /* BAZProjectC1 */ = {
			isa = PBXNativeTarget;
			buildConfigurationList = C30893BE28A2F42D004B1860 /* Build configuration list for PBXNativeTarget "BAZProjectC1" */;
			buildPhases = (
				C30893A628A2F42B004B1860 /* Sources */,
				C30893A728A2F42B004B1860 /* Frameworks */,
				C30893A828A2F42B004B1860 /* Resources */,
			);
			buildRules = (
			);
			dependencies = (
			);
			name = BAZProjectC1;
			productName = BAZProjectC1;
			productReference = C30893AA28A2F42B004B1860 /* BAZProjectC1.app */;
			productType = "com.apple.product-type.application";
		};
/* End PBXNativeTarget section */

/* Begin PBXProject section */
		C30893A228A2F42B004B1860 /* Project object */ = {
			isa = PBXProject;
			attributes = {
				BuildIndependentTargetsInParallel = 1;
				LastSwiftUpdateCheck = 1340;
				LastUpgradeCheck = 1340;
				TargetAttributes = {
					C30893A928A2F42B004B1860 = {
						CreatedOnToolsVersion = 13.4.1;
					};
				};
			};
			buildConfigurationList = C30893A528A2F42B004B1860 /* Build configuration list for PBXProject "BAZProjectC1" */;
			compatibilityVersion = "Xcode 13.0";
			developmentRegion = en;
			hasScannedForEncodings = 0;
			knownRegions = (
				en,
				Base,
			);
			mainGroup = C30893A128A2F42B004B1860;
			productRefGroup = C30893AB28A2F42B004B1860 /* Products */;
			projectDirPath = "";
			projectRoot = "";
			targets = (
				C30893A928A2F42B004B1860 /* BAZProjectC1 */,
			);
		};
/* End PBXProject section */

/* Begin PBXResourcesBuildPhase section */
		C30893A828A2F42B004B1860 /* Resources */ = {
			isa = PBXResourcesBuildPhase;
			buildActionMask = 2147483647;
			files = (
				C30893BA28A2F42D004B1860 /* LaunchScreen.storyboard in Resources */,
				C30893DB28A42481004B1860 /* README.md in Resources */,
				C30893B728A2F42D004B1860 /* Assets.xcassets in Resources */,
				712E373428DBE376003477C4 /* MovieItemCollectionViewCell.xib in Resources */,
				C383356E28CA917400FCE0D5 /* code-review-rubric.md in Resources */,
				712E373D28DD22CD003477C4 /* FiltersMovieModalViewController.xib in Resources */,
				711392CA28E26121005B19AF /* DetailMovieStoryboard.storyboard in Resources */,
				C30893B528A2F42B004B1860 /* Main.storyboard in Resources */,
			);
			runOnlyForDeploymentPostprocessing = 0;
		};
/* End PBXResourcesBuildPhase section */

/* Begin PBXSourcesBuildPhase section */
		C30893A628A2F42B004B1860 /* Sources */ = {
			isa = PBXSourcesBuildPhase;
			buildActionMask = 2147483647;
			files = (
				711392AB28E24C5A005B19AF /* MenuMoviesPresenter.swift in Sources */,
				711392AD28E24C5A005B19AF /* MenuMoviesRouter.swift in Sources */,
				711392BF28E250FF005B19AF /* DetailMovieView.swift in Sources */,
				712E373C28DD22CD003477C4 /* FiltersMovieModalViewController.swift in Sources */,
				711392BA28E250FF005B19AF /* DetailMoviePresenter.swift in Sources */,
				711392BC28E250FF005B19AF /* DetailMovieRouter.swift in Sources */,
				712E373328DBE376003477C4 /* MovieItemCollectionViewCell.swift in Sources */,
				711392BE28E250FF005B19AF /* DetailMovieInteractor.swift in Sources */,
				711392C028E250FF005B19AF /* DetailMovieRemoteDataManager.swift in Sources */,
				711392B128E24C5A005B19AF /* MenuMoviesRemoteDataManager.swift in Sources */,
				C30893AE28A2F42B004B1860 /* AppDelegate.swift in Sources */,
				C30893B028A2F42B004B1860 /* SceneDelegate.swift in Sources */,
				711392BD28E250FF005B19AF /* DetailMovieProtocols.swift in Sources */,
				711392B028E24C5A005B19AF /* MenuMoviesView.swift in Sources */,
				712E373828DCEF72003477C4 /* MovieMenuViewController.swift in Sources */,
				711392C828E25695005B19AF /* MovieDetail.swift in Sources */,
				711392AF28E24C5A005B19AF /* MenuMoviesInteractor.swift in Sources */,
				C30893E228A425E1004B1860 /* MovieAPI.swift in Sources */,
				71E9FEAE28D9200A00656DFF /* CachedImageView.swift in Sources */,
				712E374D28DE2E5D003477C4 /* MovieDetailViewController.swift in Sources */,
				711392AE28E24C5A005B19AF /* MenuMoviesProtocols.swift in Sources */,
				711392BB28E250FF005B19AF /* DetailMovieLocalDataManager.swift in Sources */,
				711392AC28E24C5A005B19AF /* MenuMoviesLocalDataManager.swift in Sources */,
				C30893E328A425E1004B1860 /* Movie.swift in Sources */,
			);
			runOnlyForDeploymentPostprocessing = 0;
		};
/* End PBXSourcesBuildPhase section */

/* Begin PBXVariantGroup section */
		C30893B328A2F42B004B1860 /* Main.storyboard */ = {
			isa = PBXVariantGroup;
			children = (
				C30893B428A2F42B004B1860 /* Base */,
			);
			name = Main.storyboard;
			sourceTree = "<group>";
		};
		C30893B828A2F42D004B1860 /* LaunchScreen.storyboard */ = {
			isa = PBXVariantGroup;
			children = (
				C30893B928A2F42D004B1860 /* Base */,
			);
			name = LaunchScreen.storyboard;
			sourceTree = "<group>";
		};
/* End PBXVariantGroup section */

/* Begin XCBuildConfiguration section */
		C30893BC28A2F42D004B1860 /* Debug */ = {
			isa = XCBuildConfiguration;
			buildSettings = {
				ALWAYS_SEARCH_USER_PATHS = NO;
				CLANG_ANALYZER_NONNULL = YES;
				CLANG_ANALYZER_NUMBER_OBJECT_CONVERSION = YES_AGGRESSIVE;
				CLANG_CXX_LANGUAGE_STANDARD = "gnu++17";
				CLANG_ENABLE_MODULES = YES;
				CLANG_ENABLE_OBJC_ARC = YES;
				CLANG_ENABLE_OBJC_WEAK = YES;
				CLANG_WARN_BLOCK_CAPTURE_AUTORELEASING = YES;
				CLANG_WARN_BOOL_CONVERSION = YES;
				CLANG_WARN_COMMA = YES;
				CLANG_WARN_CONSTANT_CONVERSION = YES;
				CLANG_WARN_DEPRECATED_OBJC_IMPLEMENTATIONS = YES;
				CLANG_WARN_DIRECT_OBJC_ISA_USAGE = YES_ERROR;
				CLANG_WARN_DOCUMENTATION_COMMENTS = YES;
				CLANG_WARN_EMPTY_BODY = YES;
				CLANG_WARN_ENUM_CONVERSION = YES;
				CLANG_WARN_INFINITE_RECURSION = YES;
				CLANG_WARN_INT_CONVERSION = YES;
				CLANG_WARN_NON_LITERAL_NULL_CONVERSION = YES;
				CLANG_WARN_OBJC_IMPLICIT_RETAIN_SELF = YES;
				CLANG_WARN_OBJC_LITERAL_CONVERSION = YES;
				CLANG_WARN_OBJC_ROOT_CLASS = YES_ERROR;
				CLANG_WARN_QUOTED_INCLUDE_IN_FRAMEWORK_HEADER = YES;
				CLANG_WARN_RANGE_LOOP_ANALYSIS = YES;
				CLANG_WARN_STRICT_PROTOTYPES = YES;
				CLANG_WARN_SUSPICIOUS_MOVE = YES;
				CLANG_WARN_UNGUARDED_AVAILABILITY = YES_AGGRESSIVE;
				CLANG_WARN_UNREACHABLE_CODE = YES;
				CLANG_WARN__DUPLICATE_METHOD_MATCH = YES;
				COPY_PHASE_STRIP = NO;
				DEBUG_INFORMATION_FORMAT = dwarf;
				ENABLE_STRICT_OBJC_MSGSEND = YES;
				ENABLE_TESTABILITY = YES;
				GCC_C_LANGUAGE_STANDARD = gnu11;
				GCC_DYNAMIC_NO_PIC = NO;
				GCC_NO_COMMON_BLOCKS = YES;
				GCC_OPTIMIZATION_LEVEL = 0;
				GCC_PREPROCESSOR_DEFINITIONS = (
					"DEBUG=1",
					"$(inherited)",
				);
				GCC_WARN_64_TO_32_BIT_CONVERSION = YES;
				GCC_WARN_ABOUT_RETURN_TYPE = YES_ERROR;
				GCC_WARN_UNDECLARED_SELECTOR = YES;
				GCC_WARN_UNINITIALIZED_AUTOS = YES_AGGRESSIVE;
				GCC_WARN_UNUSED_FUNCTION = YES;
				GCC_WARN_UNUSED_VARIABLE = YES;
				IPHONEOS_DEPLOYMENT_TARGET = 14.0;
				MTL_ENABLE_DEBUG_INFO = INCLUDE_SOURCE;
				MTL_FAST_MATH = YES;
				ONLY_ACTIVE_ARCH = YES;
				SDKROOT = iphoneos;
				SWIFT_ACTIVE_COMPILATION_CONDITIONS = DEBUG;
				SWIFT_OPTIMIZATION_LEVEL = "-Onone";
			};
			name = Debug;
		};
		C30893BD28A2F42D004B1860 /* Release */ = {
			isa = XCBuildConfiguration;
			buildSettings = {
				ALWAYS_SEARCH_USER_PATHS = NO;
				CLANG_ANALYZER_NONNULL = YES;
				CLANG_ANALYZER_NUMBER_OBJECT_CONVERSION = YES_AGGRESSIVE;
				CLANG_CXX_LANGUAGE_STANDARD = "gnu++17";
				CLANG_ENABLE_MODULES = YES;
				CLANG_ENABLE_OBJC_ARC = YES;
				CLANG_ENABLE_OBJC_WEAK = YES;
				CLANG_WARN_BLOCK_CAPTURE_AUTORELEASING = YES;
				CLANG_WARN_BOOL_CONVERSION = YES;
				CLANG_WARN_COMMA = YES;
				CLANG_WARN_CONSTANT_CONVERSION = YES;
				CLANG_WARN_DEPRECATED_OBJC_IMPLEMENTATIONS = YES;
				CLANG_WARN_DIRECT_OBJC_ISA_USAGE = YES_ERROR;
				CLANG_WARN_DOCUMENTATION_COMMENTS = YES;
				CLANG_WARN_EMPTY_BODY = YES;
				CLANG_WARN_ENUM_CONVERSION = YES;
				CLANG_WARN_INFINITE_RECURSION = YES;
				CLANG_WARN_INT_CONVERSION = YES;
				CLANG_WARN_NON_LITERAL_NULL_CONVERSION = YES;
				CLANG_WARN_OBJC_IMPLICIT_RETAIN_SELF = YES;
				CLANG_WARN_OBJC_LITERAL_CONVERSION = YES;
				CLANG_WARN_OBJC_ROOT_CLASS = YES_ERROR;
				CLANG_WARN_QUOTED_INCLUDE_IN_FRAMEWORK_HEADER = YES;
				CLANG_WARN_RANGE_LOOP_ANALYSIS = YES;
				CLANG_WARN_STRICT_PROTOTYPES = YES;
				CLANG_WARN_SUSPICIOUS_MOVE = YES;
				CLANG_WARN_UNGUARDED_AVAILABILITY = YES_AGGRESSIVE;
				CLANG_WARN_UNREACHABLE_CODE = YES;
				CLANG_WARN__DUPLICATE_METHOD_MATCH = YES;
				COPY_PHASE_STRIP = NO;
				DEBUG_INFORMATION_FORMAT = "dwarf-with-dsym";
				ENABLE_NS_ASSERTIONS = NO;
				ENABLE_STRICT_OBJC_MSGSEND = YES;
				GCC_C_LANGUAGE_STANDARD = gnu11;
				GCC_NO_COMMON_BLOCKS = YES;
				GCC_WARN_64_TO_32_BIT_CONVERSION = YES;
				GCC_WARN_ABOUT_RETURN_TYPE = YES_ERROR;
				GCC_WARN_UNDECLARED_SELECTOR = YES;
				GCC_WARN_UNINITIALIZED_AUTOS = YES_AGGRESSIVE;
				GCC_WARN_UNUSED_FUNCTION = YES;
				GCC_WARN_UNUSED_VARIABLE = YES;
				IPHONEOS_DEPLOYMENT_TARGET = 14.0;
				MTL_ENABLE_DEBUG_INFO = NO;
				MTL_FAST_MATH = YES;
				SDKROOT = iphoneos;
				SWIFT_COMPILATION_MODE = wholemodule;
				SWIFT_OPTIMIZATION_LEVEL = "-O";
				VALIDATE_PRODUCT = YES;
			};
			name = Release;
		};
		C30893BF28A2F42D004B1860 /* Debug */ = {
			isa = XCBuildConfiguration;
			buildSettings = {
				ASSETCATALOG_COMPILER_APPICON_NAME = AppIcon;
				ASSETCATALOG_COMPILER_GLOBAL_ACCENT_COLOR_NAME = AccentColor;
				CODE_SIGN_STYLE = Automatic;
				CURRENT_PROJECT_VERSION = 1;
				GENERATE_INFOPLIST_FILE = YES;
				INFOPLIST_FILE = BAZProjectC1/Info.plist;
				INFOPLIST_KEY_UIApplicationSupportsIndirectInputEvents = YES;
				INFOPLIST_KEY_UILaunchStoryboardName = LaunchScreen;
				INFOPLIST_KEY_UIMainStoryboardFile = Main;
				INFOPLIST_KEY_UISupportedInterfaceOrientations_iPad = "UIInterfaceOrientationPortrait UIInterfaceOrientationPortraitUpsideDown UIInterfaceOrientationLandscapeLeft UIInterfaceOrientationLandscapeRight";
				INFOPLIST_KEY_UISupportedInterfaceOrientations_iPhone = "UIInterfaceOrientationPortrait UIInterfaceOrientationLandscapeLeft UIInterfaceOrientationLandscapeRight";
				IPHONEOS_DEPLOYMENT_TARGET = 14.0;
				LD_RUNPATH_SEARCH_PATHS = (
					"$(inherited)",
					"@executable_path/Frameworks",
				);
				MARKETING_VERSION = 1.0;
				PRODUCT_BUNDLE_IDENTIFIER = com.wizeline.BAZProjectC1;
				PRODUCT_NAME = "$(TARGET_NAME)";
				SWIFT_EMIT_LOC_STRINGS = YES;
				SWIFT_VERSION = 5.0;
				TARGETED_DEVICE_FAMILY = "1,2";
			};
			name = Debug;
		};
		C30893C028A2F42D004B1860 /* Release */ = {
			isa = XCBuildConfiguration;
			buildSettings = {
				ASSETCATALOG_COMPILER_APPICON_NAME = AppIcon;
				ASSETCATALOG_COMPILER_GLOBAL_ACCENT_COLOR_NAME = AccentColor;
				CODE_SIGN_STYLE = Automatic;
				CURRENT_PROJECT_VERSION = 1;
				GENERATE_INFOPLIST_FILE = YES;
				INFOPLIST_FILE = BAZProjectC1/Info.plist;
				INFOPLIST_KEY_UIApplicationSupportsIndirectInputEvents = YES;
				INFOPLIST_KEY_UILaunchStoryboardName = LaunchScreen;
				INFOPLIST_KEY_UIMainStoryboardFile = Main;
				INFOPLIST_KEY_UISupportedInterfaceOrientations_iPad = "UIInterfaceOrientationPortrait UIInterfaceOrientationPortraitUpsideDown UIInterfaceOrientationLandscapeLeft UIInterfaceOrientationLandscapeRight";
				INFOPLIST_KEY_UISupportedInterfaceOrientations_iPhone = "UIInterfaceOrientationPortrait UIInterfaceOrientationLandscapeLeft UIInterfaceOrientationLandscapeRight";
				IPHONEOS_DEPLOYMENT_TARGET = 14.0;
				LD_RUNPATH_SEARCH_PATHS = (
					"$(inherited)",
					"@executable_path/Frameworks",
				);
				MARKETING_VERSION = 1.0;
				PRODUCT_BUNDLE_IDENTIFIER = com.wizeline.BAZProjectC1;
				PRODUCT_NAME = "$(TARGET_NAME)";
				SWIFT_EMIT_LOC_STRINGS = YES;
				SWIFT_VERSION = 5.0;
				TARGETED_DEVICE_FAMILY = "1,2";
			};
			name = Release;
		};
/* End XCBuildConfiguration section */

/* Begin XCConfigurationList section */
		C30893A528A2F42B004B1860 /* Build configuration list for PBXProject "BAZProjectC1" */ = {
			isa = XCConfigurationList;
			buildConfigurations = (
				C30893BC28A2F42D004B1860 /* Debug */,
				C30893BD28A2F42D004B1860 /* Release */,
			);
			defaultConfigurationIsVisible = 0;
			defaultConfigurationName = Release;
		};
		C30893BE28A2F42D004B1860 /* Build configuration list for PBXNativeTarget "BAZProjectC1" */ = {
			isa = XCConfigurationList;
			buildConfigurations = (
				C30893BF28A2F42D004B1860 /* Debug */,
				C30893C028A2F42D004B1860 /* Release */,
			);
			defaultConfigurationIsVisible = 0;
			defaultConfigurationName = Release;
		};
/* End XCConfigurationList section */
	};
	rootObject = C30893A228A2F42B004B1860 /* Project object */;
}
