// !$*UTF8*$!
{
	archiveVersion = 1;
	classes = {
	};
	objectVersion = 55;
	objects = {

/* Begin PBXBuildFile section */
		54350FA228DB520A00B30422 /* MovieDetailViewController.swift in Sources */ = {isa = PBXBuildFile; fileRef = 54350FA028DB520A00B30422 /* MovieDetailViewController.swift */; };
		54350FA328DB520A00B30422 /* MovieDetailViewController.xib in Resources */ = {isa = PBXBuildFile; fileRef = 54350FA128DB520A00B30422 /* MovieDetailViewController.xib */; };
		54350FA528DB949E00B30422 /* CustomTabBarController.swift in Sources */ = {isa = PBXBuildFile; fileRef = 54350FA428DB949E00B30422 /* CustomTabBarController.swift */; };
		54350FAE28DBC5B200B30422 /* NowPlayingAPIResponse.swift in Sources */ = {isa = PBXBuildFile; fileRef = 54350FAD28DBC5B200B30422 /* NowPlayingAPIResponse.swift */; };
		54350FB028DBC61800B30422 /* NowPlay.swift in Sources */ = {isa = PBXBuildFile; fileRef = 54350FAF28DBC61800B30422 /* NowPlay.swift */; };
		54350FB228DBC6E500B30422 /* Dates.swift in Sources */ = {isa = PBXBuildFile; fileRef = 54350FB128DBC6E400B30422 /* Dates.swift */; };
		54350FB528DBDD8300B30422 /* NowPlayingTableViewCell.swift in Sources */ = {isa = PBXBuildFile; fileRef = 54350FB328DBDD8300B30422 /* NowPlayingTableViewCell.swift */; };
		54350FB628DBDD8300B30422 /* NowPlayingTableViewCell.xib in Resources */ = {isa = PBXBuildFile; fileRef = 54350FB428DBDD8300B30422 /* NowPlayingTableViewCell.xib */; };
		54350FB928DBE9FA00B30422 /* NowPlayingViewController.swift in Sources */ = {isa = PBXBuildFile; fileRef = 54350FB728DBE9FA00B30422 /* NowPlayingViewController.swift */; };
		54350FBA28DBE9FA00B30422 /* NowPlayingViewController.xib in Resources */ = {isa = PBXBuildFile; fileRef = 54350FB828DBE9FA00B30422 /* NowPlayingViewController.xib */; };
		54350FC228DBF69700B30422 /* PopularViewController.swift in Sources */ = {isa = PBXBuildFile; fileRef = 54350FC028DBF69700B30422 /* PopularViewController.swift */; };
		54350FC328DBF69700B30422 /* PopularViewController.xib in Resources */ = {isa = PBXBuildFile; fileRef = 54350FC128DBF69700B30422 /* PopularViewController.xib */; };
		54350FC728DBF84E00B30422 /* PopularTableViewCell.swift in Sources */ = {isa = PBXBuildFile; fileRef = 54350FC528DBF84E00B30422 /* PopularTableViewCell.swift */; };
		54350FC828DBF84E00B30422 /* PopularTableViewCell.xib in Resources */ = {isa = PBXBuildFile; fileRef = 54350FC628DBF84E00B30422 /* PopularTableViewCell.xib */; };
		54350FCB28DC042C00B30422 /* PopularAPIResponse.swift in Sources */ = {isa = PBXBuildFile; fileRef = 54350FCA28DC042C00B30422 /* PopularAPIResponse.swift */; };
		54350FCD28DC047000B30422 /* Popular.swift in Sources */ = {isa = PBXBuildFile; fileRef = 54350FCC28DC047000B30422 /* Popular.swift */; };
		54350FD028DC1DE700B30422 /* TopRatedAPIResponse.swift in Sources */ = {isa = PBXBuildFile; fileRef = 54350FCF28DC1DE700B30422 /* TopRatedAPIResponse.swift */; };
		54350FD228DC1E4900B30422 /* TopRated.swift in Sources */ = {isa = PBXBuildFile; fileRef = 54350FD128DC1E4900B30422 /* TopRated.swift */; };
		54350FD628DC1F7200B30422 /* TopRatedViewController.swift in Sources */ = {isa = PBXBuildFile; fileRef = 54350FD428DC1F7200B30422 /* TopRatedViewController.swift */; };
		54350FD728DC1F7200B30422 /* TopRatedViewController.xib in Resources */ = {isa = PBXBuildFile; fileRef = 54350FD528DC1F7200B30422 /* TopRatedViewController.xib */; };
		54350FDB28DC21E000B30422 /* TopRatedTableViewCell.swift in Sources */ = {isa = PBXBuildFile; fileRef = 54350FD928DC21E000B30422 /* TopRatedTableViewCell.swift */; };
		54350FDC28DC21E000B30422 /* TopRatedTableViewCell.xib in Resources */ = {isa = PBXBuildFile; fileRef = 54350FDA28DC21E000B30422 /* TopRatedTableViewCell.xib */; };
		54350FDF28DCA60A00B30422 /* UpcomingAPIResponse.swift in Sources */ = {isa = PBXBuildFile; fileRef = 54350FDE28DCA60A00B30422 /* UpcomingAPIResponse.swift */; };
		54350FE128DCA65700B30422 /* Upcoming.swift in Sources */ = {isa = PBXBuildFile; fileRef = 54350FE028DCA65700B30422 /* Upcoming.swift */; };
		54350FE528DCA9B500B30422 /* UpcomingTableViewCell.swift in Sources */ = {isa = PBXBuildFile; fileRef = 54350FE328DCA9B500B30422 /* UpcomingTableViewCell.swift */; };
		54350FE628DCA9B500B30422 /* UpcomingTableViewCell.xib in Resources */ = {isa = PBXBuildFile; fileRef = 54350FE428DCA9B500B30422 /* UpcomingTableViewCell.xib */; };
		54350FEA28DCAF8000B30422 /* UpcomingViewController.swift in Sources */ = {isa = PBXBuildFile; fileRef = 54350FE828DCAF8000B30422 /* UpcomingViewController.swift */; };
		54350FEB28DCAF8000B30422 /* UpcomingViewController.xib in Resources */ = {isa = PBXBuildFile; fileRef = 54350FE928DCAF8000B30422 /* UpcomingViewController.xib */; };
		54521B7928E72818007D7BB2 /* UpcomingCollectionViewCell.swift in Sources */ = {isa = PBXBuildFile; fileRef = 54521B7728E72818007D7BB2 /* UpcomingCollectionViewCell.swift */; };
		54521B7A28E72818007D7BB2 /* UpcomingCollectionViewCell.xib in Resources */ = {isa = PBXBuildFile; fileRef = 54521B7828E72818007D7BB2 /* UpcomingCollectionViewCell.xib */; };
		545AACEC28D3AB7700DFD9DF /* Movie.swift in Sources */ = {isa = PBXBuildFile; fileRef = 545AACEB28D3AB7700DFD9DF /* Movie.swift */; };
		5476D10C28DE294A005274D2 /* NowPlayingDetailViewController.swift in Sources */ = {isa = PBXBuildFile; fileRef = 5476D10A28DE294A005274D2 /* NowPlayingDetailViewController.swift */; };
		5476D10D28DE294A005274D2 /* NowPlayingDetailViewController.xib in Resources */ = {isa = PBXBuildFile; fileRef = 5476D10B28DE294A005274D2 /* NowPlayingDetailViewController.xib */; };
		5476D11028DE296C005274D2 /* PopularDetailViewController.swift in Sources */ = {isa = PBXBuildFile; fileRef = 5476D10E28DE296C005274D2 /* PopularDetailViewController.swift */; };
		5476D11128DE296C005274D2 /* PopularDetailViewController.xib in Resources */ = {isa = PBXBuildFile; fileRef = 5476D10F28DE296C005274D2 /* PopularDetailViewController.xib */; };
		5476D11428DE29CB005274D2 /* TopRatedDetailViewController.swift in Sources */ = {isa = PBXBuildFile; fileRef = 5476D11228DE29CB005274D2 /* TopRatedDetailViewController.swift */; };
		5476D11528DE29CB005274D2 /* TopRatedDetailViewController.xib in Resources */ = {isa = PBXBuildFile; fileRef = 5476D11328DE29CB005274D2 /* TopRatedDetailViewController.xib */; };
		5476D11828DE29DC005274D2 /* UpcomingDetailViewController.swift in Sources */ = {isa = PBXBuildFile; fileRef = 5476D11628DE29DC005274D2 /* UpcomingDetailViewController.swift */; };
		5476D11928DE29DC005274D2 /* UpcomingDetailViewController.xib in Resources */ = {isa = PBXBuildFile; fileRef = 5476D11728DE29DC005274D2 /* UpcomingDetailViewController.xib */; };
		5476D11D28DE3347005274D2 /* ElementCollectionViewCell.swift in Sources */ = {isa = PBXBuildFile; fileRef = 5476D11B28DE3347005274D2 /* ElementCollectionViewCell.swift */; };
		5476D11E28DE3347005274D2 /* ElementCollectionViewCell.xib in Resources */ = {isa = PBXBuildFile; fileRef = 5476D11C28DE3347005274D2 /* ElementCollectionViewCell.xib */; };
		54DA08B428E4F70000BBDB2B /* SearchViewController.swift in Sources */ = {isa = PBXBuildFile; fileRef = 54DA08B228E4F70000BBDB2B /* SearchViewController.swift */; };
		54DA08B528E4F70000BBDB2B /* SearchViewController.xib in Resources */ = {isa = PBXBuildFile; fileRef = 54DA08B328E4F70000BBDB2B /* SearchViewController.xib */; };
		54DA08BD28E4F83900BBDB2B /* SeachTableViewCell.swift in Sources */ = {isa = PBXBuildFile; fileRef = 54DA08BB28E4F83900BBDB2B /* SeachTableViewCell.swift */; };
		54DA08BE28E4F83900BBDB2B /* SeachTableViewCell.xib in Resources */ = {isa = PBXBuildFile; fileRef = 54DA08BC28E4F83900BBDB2B /* SeachTableViewCell.xib */; };
		54F2467B28D917EF006AF344 /* MovieTableViewCell.swift in Sources */ = {isa = PBXBuildFile; fileRef = 54F2467928D917EF006AF344 /* MovieTableViewCell.swift */; };
		54F2467C28D917EF006AF344 /* MovieTableViewCell.xib in Resources */ = {isa = PBXBuildFile; fileRef = 54F2467A28D917EF006AF344 /* MovieTableViewCell.xib */; };
		54F2467F28D92291006AF344 /* BAZPExtension.swift in Sources */ = {isa = PBXBuildFile; fileRef = 54F2467E28D92291006AF344 /* BAZPExtension.swift */; };
		C30893AE28A2F42B004B1860 /* AppDelegate.swift in Sources */ = {isa = PBXBuildFile; fileRef = C30893AD28A2F42B004B1860 /* AppDelegate.swift */; };
		C30893B028A2F42B004B1860 /* SceneDelegate.swift in Sources */ = {isa = PBXBuildFile; fileRef = C30893AF28A2F42B004B1860 /* SceneDelegate.swift */; };
		C30893B528A2F42B004B1860 /* Main.storyboard in Resources */ = {isa = PBXBuildFile; fileRef = C30893B328A2F42B004B1860 /* Main.storyboard */; };
		C30893B728A2F42D004B1860 /* Assets.xcassets in Resources */ = {isa = PBXBuildFile; fileRef = C30893B628A2F42D004B1860 /* Assets.xcassets */; };
		C30893BA28A2F42D004B1860 /* LaunchScreen.storyboard in Resources */ = {isa = PBXBuildFile; fileRef = C30893B828A2F42D004B1860 /* LaunchScreen.storyboard */; };
		C30893C428A2F845004B1860 /* TrendingViewController.swift in Sources */ = {isa = PBXBuildFile; fileRef = C30893C328A2F845004B1860 /* TrendingViewController.swift */; };
		C30893DB28A42481004B1860 /* README.md in Resources */ = {isa = PBXBuildFile; fileRef = C30893DA28A42481004B1860 /* README.md */; };
		C30893E228A425E1004B1860 /* MovieAPI.swift in Sources */ = {isa = PBXBuildFile; fileRef = C30893E028A425E1004B1860 /* MovieAPI.swift */; };
		C30893E328A425E1004B1860 /* MovieAPIResponse.swift in Sources */ = {isa = PBXBuildFile; fileRef = C30893E128A425E1004B1860 /* MovieAPIResponse.swift */; };
		C383356E28CA917400FCE0D5 /* code-review-rubric.md in Resources */ = {isa = PBXBuildFile; fileRef = C383356D28CA917400FCE0D5 /* code-review-rubric.md */; };
/* End PBXBuildFile section */

/* Begin PBXFileReference section */
		54350FA028DB520A00B30422 /* MovieDetailViewController.swift */ = {isa = PBXFileReference; lastKnownFileType = sourcecode.swift; path = MovieDetailViewController.swift; sourceTree = "<group>"; };
		54350FA128DB520A00B30422 /* MovieDetailViewController.xib */ = {isa = PBXFileReference; lastKnownFileType = file.xib; path = MovieDetailViewController.xib; sourceTree = "<group>"; };
		54350FA428DB949E00B30422 /* CustomTabBarController.swift */ = {isa = PBXFileReference; lastKnownFileType = sourcecode.swift; path = CustomTabBarController.swift; sourceTree = "<group>"; };
		54350FAD28DBC5B200B30422 /* NowPlayingAPIResponse.swift */ = {isa = PBXFileReference; lastKnownFileType = sourcecode.swift; path = NowPlayingAPIResponse.swift; sourceTree = "<group>"; };
		54350FAF28DBC61800B30422 /* NowPlay.swift */ = {isa = PBXFileReference; lastKnownFileType = sourcecode.swift; path = NowPlay.swift; sourceTree = "<group>"; };
		54350FB128DBC6E400B30422 /* Dates.swift */ = {isa = PBXFileReference; fileEncoding = 4; lastKnownFileType = sourcecode.swift; path = Dates.swift; sourceTree = "<group>"; };
		54350FB328DBDD8300B30422 /* NowPlayingTableViewCell.swift */ = {isa = PBXFileReference; lastKnownFileType = sourcecode.swift; path = NowPlayingTableViewCell.swift; sourceTree = "<group>"; };
		54350FB428DBDD8300B30422 /* NowPlayingTableViewCell.xib */ = {isa = PBXFileReference; lastKnownFileType = file.xib; path = NowPlayingTableViewCell.xib; sourceTree = "<group>"; };
		54350FB728DBE9FA00B30422 /* NowPlayingViewController.swift */ = {isa = PBXFileReference; lastKnownFileType = sourcecode.swift; path = NowPlayingViewController.swift; sourceTree = "<group>"; };
		54350FB828DBE9FA00B30422 /* NowPlayingViewController.xib */ = {isa = PBXFileReference; lastKnownFileType = file.xib; path = NowPlayingViewController.xib; sourceTree = "<group>"; };
		54350FC028DBF69700B30422 /* PopularViewController.swift */ = {isa = PBXFileReference; lastKnownFileType = sourcecode.swift; path = PopularViewController.swift; sourceTree = "<group>"; };
		54350FC128DBF69700B30422 /* PopularViewController.xib */ = {isa = PBXFileReference; lastKnownFileType = file.xib; path = PopularViewController.xib; sourceTree = "<group>"; };
		54350FC528DBF84E00B30422 /* PopularTableViewCell.swift */ = {isa = PBXFileReference; lastKnownFileType = sourcecode.swift; path = PopularTableViewCell.swift; sourceTree = "<group>"; };
		54350FC628DBF84E00B30422 /* PopularTableViewCell.xib */ = {isa = PBXFileReference; lastKnownFileType = file.xib; path = PopularTableViewCell.xib; sourceTree = "<group>"; };
		54350FCA28DC042C00B30422 /* PopularAPIResponse.swift */ = {isa = PBXFileReference; lastKnownFileType = sourcecode.swift; path = PopularAPIResponse.swift; sourceTree = "<group>"; };
		54350FCC28DC047000B30422 /* Popular.swift */ = {isa = PBXFileReference; lastKnownFileType = sourcecode.swift; path = Popular.swift; sourceTree = "<group>"; };
		54350FCF28DC1DE700B30422 /* TopRatedAPIResponse.swift */ = {isa = PBXFileReference; lastKnownFileType = sourcecode.swift; path = TopRatedAPIResponse.swift; sourceTree = "<group>"; };
		54350FD128DC1E4900B30422 /* TopRated.swift */ = {isa = PBXFileReference; lastKnownFileType = sourcecode.swift; path = TopRated.swift; sourceTree = "<group>"; };
		54350FD428DC1F7200B30422 /* TopRatedViewController.swift */ = {isa = PBXFileReference; lastKnownFileType = sourcecode.swift; path = TopRatedViewController.swift; sourceTree = "<group>"; };
		54350FD528DC1F7200B30422 /* TopRatedViewController.xib */ = {isa = PBXFileReference; lastKnownFileType = file.xib; path = TopRatedViewController.xib; sourceTree = "<group>"; };
		54350FD928DC21E000B30422 /* TopRatedTableViewCell.swift */ = {isa = PBXFileReference; lastKnownFileType = sourcecode.swift; name = TopRatedTableViewCell.swift; path = BAZProjectC1/View/Cell/TopRatedTableViewCell.swift; sourceTree = SOURCE_ROOT; };
		54350FDA28DC21E000B30422 /* TopRatedTableViewCell.xib */ = {isa = PBXFileReference; lastKnownFileType = file.xib; name = TopRatedTableViewCell.xib; path = BAZProjectC1/View/Cell/TopRatedTableViewCell.xib; sourceTree = SOURCE_ROOT; };
		54350FDE28DCA60A00B30422 /* UpcomingAPIResponse.swift */ = {isa = PBXFileReference; lastKnownFileType = sourcecode.swift; path = UpcomingAPIResponse.swift; sourceTree = "<group>"; };
		54350FE028DCA65700B30422 /* Upcoming.swift */ = {isa = PBXFileReference; lastKnownFileType = sourcecode.swift; path = Upcoming.swift; sourceTree = "<group>"; };
		54350FE328DCA9B500B30422 /* UpcomingTableViewCell.swift */ = {isa = PBXFileReference; lastKnownFileType = sourcecode.swift; path = UpcomingTableViewCell.swift; sourceTree = "<group>"; };
		54350FE428DCA9B500B30422 /* UpcomingTableViewCell.xib */ = {isa = PBXFileReference; lastKnownFileType = file.xib; path = UpcomingTableViewCell.xib; sourceTree = "<group>"; };
		54350FE828DCAF8000B30422 /* UpcomingViewController.swift */ = {isa = PBXFileReference; lastKnownFileType = sourcecode.swift; path = UpcomingViewController.swift; sourceTree = "<group>"; };
		54350FE928DCAF8000B30422 /* UpcomingViewController.xib */ = {isa = PBXFileReference; lastKnownFileType = file.xib; path = UpcomingViewController.xib; sourceTree = "<group>"; };
		54521B7728E72818007D7BB2 /* UpcomingCollectionViewCell.swift */ = {isa = PBXFileReference; lastKnownFileType = sourcecode.swift; path = UpcomingCollectionViewCell.swift; sourceTree = "<group>"; };
		54521B7828E72818007D7BB2 /* UpcomingCollectionViewCell.xib */ = {isa = PBXFileReference; lastKnownFileType = file.xib; path = UpcomingCollectionViewCell.xib; sourceTree = "<group>"; };
		545AACEB28D3AB7700DFD9DF /* Movie.swift */ = {isa = PBXFileReference; fileEncoding = 4; lastKnownFileType = sourcecode.swift; path = Movie.swift; sourceTree = "<group>"; };
		5476D10A28DE294A005274D2 /* NowPlayingDetailViewController.swift */ = {isa = PBXFileReference; lastKnownFileType = sourcecode.swift; path = NowPlayingDetailViewController.swift; sourceTree = "<group>"; };
		5476D10B28DE294A005274D2 /* NowPlayingDetailViewController.xib */ = {isa = PBXFileReference; lastKnownFileType = file.xib; path = NowPlayingDetailViewController.xib; sourceTree = "<group>"; };
		5476D10E28DE296C005274D2 /* PopularDetailViewController.swift */ = {isa = PBXFileReference; lastKnownFileType = sourcecode.swift; path = PopularDetailViewController.swift; sourceTree = "<group>"; };
		5476D10F28DE296C005274D2 /* PopularDetailViewController.xib */ = {isa = PBXFileReference; lastKnownFileType = file.xib; path = PopularDetailViewController.xib; sourceTree = "<group>"; };
		5476D11228DE29CB005274D2 /* TopRatedDetailViewController.swift */ = {isa = PBXFileReference; lastKnownFileType = sourcecode.swift; path = TopRatedDetailViewController.swift; sourceTree = "<group>"; };
		5476D11328DE29CB005274D2 /* TopRatedDetailViewController.xib */ = {isa = PBXFileReference; lastKnownFileType = file.xib; path = TopRatedDetailViewController.xib; sourceTree = "<group>"; };
		5476D11628DE29DC005274D2 /* UpcomingDetailViewController.swift */ = {isa = PBXFileReference; lastKnownFileType = sourcecode.swift; path = UpcomingDetailViewController.swift; sourceTree = "<group>"; };
		5476D11728DE29DC005274D2 /* UpcomingDetailViewController.xib */ = {isa = PBXFileReference; lastKnownFileType = file.xib; path = UpcomingDetailViewController.xib; sourceTree = "<group>"; };
		5476D11B28DE3347005274D2 /* ElementCollectionViewCell.swift */ = {isa = PBXFileReference; lastKnownFileType = sourcecode.swift; path = ElementCollectionViewCell.swift; sourceTree = "<group>"; };
		5476D11C28DE3347005274D2 /* ElementCollectionViewCell.xib */ = {isa = PBXFileReference; lastKnownFileType = file.xib; path = ElementCollectionViewCell.xib; sourceTree = "<group>"; };
		54DA08B228E4F70000BBDB2B /* SearchViewController.swift */ = {isa = PBXFileReference; lastKnownFileType = sourcecode.swift; path = SearchViewController.swift; sourceTree = "<group>"; };
		54DA08B328E4F70000BBDB2B /* SearchViewController.xib */ = {isa = PBXFileReference; lastKnownFileType = file.xib; path = SearchViewController.xib; sourceTree = "<group>"; };
		54DA08BB28E4F83900BBDB2B /* SeachTableViewCell.swift */ = {isa = PBXFileReference; lastKnownFileType = sourcecode.swift; path = SeachTableViewCell.swift; sourceTree = "<group>"; };
		54DA08BC28E4F83900BBDB2B /* SeachTableViewCell.xib */ = {isa = PBXFileReference; lastKnownFileType = file.xib; path = SeachTableViewCell.xib; sourceTree = "<group>"; };
		54F2467928D917EF006AF344 /* MovieTableViewCell.swift */ = {isa = PBXFileReference; lastKnownFileType = sourcecode.swift; path = MovieTableViewCell.swift; sourceTree = "<group>"; };
		54F2467A28D917EF006AF344 /* MovieTableViewCell.xib */ = {isa = PBXFileReference; lastKnownFileType = file.xib; path = MovieTableViewCell.xib; sourceTree = "<group>"; };
		54F2467E28D92291006AF344 /* BAZPExtension.swift */ = {isa = PBXFileReference; lastKnownFileType = sourcecode.swift; path = BAZPExtension.swift; sourceTree = "<group>"; };
		C30893AA28A2F42B004B1860 /* BAZProjectC1.app */ = {isa = PBXFileReference; explicitFileType = wrapper.application; includeInIndex = 0; path = BAZProjectC1.app; sourceTree = BUILT_PRODUCTS_DIR; };
		C30893AD28A2F42B004B1860 /* AppDelegate.swift */ = {isa = PBXFileReference; lastKnownFileType = sourcecode.swift; path = AppDelegate.swift; sourceTree = "<group>"; };
		C30893AF28A2F42B004B1860 /* SceneDelegate.swift */ = {isa = PBXFileReference; lastKnownFileType = sourcecode.swift; path = SceneDelegate.swift; sourceTree = "<group>"; };
		C30893B428A2F42B004B1860 /* Base */ = {isa = PBXFileReference; lastKnownFileType = file.storyboard; name = Base; path = Base.lproj/Main.storyboard; sourceTree = "<group>"; };
		C30893B628A2F42D004B1860 /* Assets.xcassets */ = {isa = PBXFileReference; lastKnownFileType = folder.assetcatalog; path = Assets.xcassets; sourceTree = "<group>"; };
		C30893B928A2F42D004B1860 /* Base */ = {isa = PBXFileReference; lastKnownFileType = file.storyboard; name = Base; path = Base.lproj/LaunchScreen.storyboard; sourceTree = "<group>"; };
		C30893BB28A2F42D004B1860 /* Info.plist */ = {isa = PBXFileReference; lastKnownFileType = text.plist.xml; path = Info.plist; sourceTree = "<group>"; };
		C30893C328A2F845004B1860 /* TrendingViewController.swift */ = {isa = PBXFileReference; lastKnownFileType = sourcecode.swift; path = TrendingViewController.swift; sourceTree = "<group>"; };
		C30893DA28A42481004B1860 /* README.md */ = {isa = PBXFileReference; fileEncoding = 4; lastKnownFileType = net.daringfireball.markdown; path = README.md; sourceTree = "<group>"; };
		C30893E028A425E1004B1860 /* MovieAPI.swift */ = {isa = PBXFileReference; fileEncoding = 4; lastKnownFileType = sourcecode.swift; path = MovieAPI.swift; sourceTree = "<group>"; };
		C30893E128A425E1004B1860 /* MovieAPIResponse.swift */ = {isa = PBXFileReference; fileEncoding = 4; lastKnownFileType = sourcecode.swift; path = MovieAPIResponse.swift; sourceTree = "<group>"; };
		C383356D28CA917400FCE0D5 /* code-review-rubric.md */ = {isa = PBXFileReference; fileEncoding = 4; lastKnownFileType = net.daringfireball.markdown; path = "code-review-rubric.md"; sourceTree = "<group>"; };
/* End PBXFileReference section */

/* Begin PBXFrameworksBuildPhase section */
		C30893A728A2F42B004B1860 /* Frameworks */ = {
			isa = PBXFrameworksBuildPhase;
			buildActionMask = 2147483647;
			files = (
			);
			runOnlyForDeploymentPostprocessing = 0;
		};
/* End PBXFrameworksBuildPhase section */

/* Begin PBXGroup section */
		54350F9F28DB516700B30422 /* MovieDetail */ = {
			isa = PBXGroup;
			children = (
				54350FA028DB520A00B30422 /* MovieDetailViewController.swift */,
				54350FA128DB520A00B30422 /* MovieDetailViewController.xib */,
			);
			path = MovieDetail;
			sourceTree = "<group>";
		};
		54350FA628DBBDC300B30422 /* NowPlaying */ = {
			isa = PBXGroup;
			children = (
				5476D10628DE2910005274D2 /* Detail */,
				54350FB728DBE9FA00B30422 /* NowPlayingViewController.swift */,
				54350FB828DBE9FA00B30422 /* NowPlayingViewController.xib */,
			);
			path = NowPlaying;
			sourceTree = "<group>";
		};
		54350FAC28DBC55600B30422 /* NowPlayingModel */ = {
			isa = PBXGroup;
			children = (
				54350FB128DBC6E400B30422 /* Dates.swift */,
				54350FAD28DBC5B200B30422 /* NowPlayingAPIResponse.swift */,
				54350FAF28DBC61800B30422 /* NowPlay.swift */,
			);
			path = NowPlayingModel;
			sourceTree = "<group>";
		};
		54350FBB28DBF53B00B30422 /* MovieCell */ = {
			isa = PBXGroup;
			children = (
				54F2467928D917EF006AF344 /* MovieTableViewCell.swift */,
				54F2467A28D917EF006AF344 /* MovieTableViewCell.xib */,
			);
			path = MovieCell;
			sourceTree = "<group>";
		};
		54350FBC28DBF54900B30422 /* NowPlayingCell */ = {
			isa = PBXGroup;
			children = (
				54350FB328DBDD8300B30422 /* NowPlayingTableViewCell.swift */,
				54350FB428DBDD8300B30422 /* NowPlayingTableViewCell.xib */,
			);
			path = NowPlayingCell;
			sourceTree = "<group>";
		};
		54350FBD28DBF60B00B30422 /* Trending */ = {
			isa = PBXGroup;
			children = (
				54350F9F28DB516700B30422 /* MovieDetail */,
				C30893C328A2F845004B1860 /* TrendingViewController.swift */,
			);
			path = Trending;
			sourceTree = "<group>";
		};
		54350FBE28DBF62A00B30422 /* MovieModel */ = {
			isa = PBXGroup;
			children = (
				C30893E128A425E1004B1860 /* MovieAPIResponse.swift */,
				545AACEB28D3AB7700DFD9DF /* Movie.swift */,
			);
			path = MovieModel;
			sourceTree = "<group>";
		};
		54350FBF28DBF66F00B30422 /* Popular */ = {
			isa = PBXGroup;
			children = (
				5476D10728DE291E005274D2 /* Detail */,
				54350FC028DBF69700B30422 /* PopularViewController.swift */,
				54350FC128DBF69700B30422 /* PopularViewController.xib */,
			);
			path = Popular;
			sourceTree = "<group>";
		};
		54350FC428DBF82800B30422 /* PopularCell */ = {
			isa = PBXGroup;
			children = (
				54350FC528DBF84E00B30422 /* PopularTableViewCell.swift */,
				54350FC628DBF84E00B30422 /* PopularTableViewCell.xib */,
			);
			path = PopularCell;
			sourceTree = "<group>";
		};
		54350FC928DC03B400B30422 /* PopularModel */ = {
			isa = PBXGroup;
			children = (
				54350FCA28DC042C00B30422 /* PopularAPIResponse.swift */,
				54350FCC28DC047000B30422 /* Popular.swift */,
			);
			path = PopularModel;
			sourceTree = "<group>";
		};
		54350FCE28DC1CF900B30422 /* TopRated */ = {
			isa = PBXGroup;
			children = (
				54350FCF28DC1DE700B30422 /* TopRatedAPIResponse.swift */,
				54350FD128DC1E4900B30422 /* TopRated.swift */,
			);
			path = TopRated;
			sourceTree = "<group>";
		};
		54350FD328DC1F5800B30422 /* TopRated */ = {
			isa = PBXGroup;
			children = (
				5476D10828DE2926005274D2 /* Detail */,
				54350FD428DC1F7200B30422 /* TopRatedViewController.swift */,
				54350FD528DC1F7200B30422 /* TopRatedViewController.xib */,
			);
			path = TopRated;
			sourceTree = "<group>";
		};
		54350FD828DC21C700B30422 /* TopRatedCell */ = {
			isa = PBXGroup;
			children = (
				54350FD928DC21E000B30422 /* TopRatedTableViewCell.swift */,
				54350FDA28DC21E000B30422 /* TopRatedTableViewCell.xib */,
			);
			path = TopRatedCell;
			sourceTree = "<group>";
		};
		54350FDD28DCA5EA00B30422 /* Upcoming */ = {
			isa = PBXGroup;
			children = (
				54350FDE28DCA60A00B30422 /* UpcomingAPIResponse.swift */,
				54350FE028DCA65700B30422 /* Upcoming.swift */,
			);
			path = Upcoming;
			sourceTree = "<group>";
		};
		54350FE228DCA99700B30422 /* UpcomingCell */ = {
			isa = PBXGroup;
			children = (
				54350FE328DCA9B500B30422 /* UpcomingTableViewCell.swift */,
				54350FE428DCA9B500B30422 /* UpcomingTableViewCell.xib */,
			);
			path = UpcomingCell;
			sourceTree = "<group>";
		};
		54350FE728DCAF5F00B30422 /* Upcoming */ = {
			isa = PBXGroup;
			children = (
				5476D10928DE2931005274D2 /* Detail */,
				54350FE828DCAF8000B30422 /* UpcomingViewController.swift */,
				54350FE928DCAF8000B30422 /* UpcomingViewController.xib */,
			);
			path = Upcoming;
			sourceTree = "<group>";
		};
		54521B7628E727F7007D7BB2 /* UpcomingCV */ = {
			isa = PBXGroup;
			children = (
				54521B7728E72818007D7BB2 /* UpcomingCollectionViewCell.swift */,
				54521B7828E72818007D7BB2 /* UpcomingCollectionViewCell.xib */,
			);
			path = UpcomingCV;
			sourceTree = "<group>";
		};
		54521B7B28E7289F007D7BB2 /* ElementCV */ = {
			isa = PBXGroup;
			children = (
				5476D11B28DE3347005274D2 /* ElementCollectionViewCell.swift */,
				5476D11C28DE3347005274D2 /* ElementCollectionViewCell.xib */,
			);
			path = ElementCV;
			sourceTree = "<group>";
		};
		545AACE728D3A58200DFD9DF /* Services */ = {
			isa = PBXGroup;
			children = (
				C30893E028A425E1004B1860 /* MovieAPI.swift */,
			);
			path = Services;
			sourceTree = "<group>";
		};
		545AACE828D3A58D00DFD9DF /* Controller */ = {
			isa = PBXGroup;
			children = (
				54DA08B128E4F6CF00BBDB2B /* Search */,
				54350FE728DCAF5F00B30422 /* Upcoming */,
				54350FD328DC1F5800B30422 /* TopRated */,
				54350FBF28DBF66F00B30422 /* Popular */,
				54350FBD28DBF60B00B30422 /* Trending */,
				54350FA628DBBDC300B30422 /* NowPlaying */,
				54350FA428DB949E00B30422 /* CustomTabBarController.swift */,
			);
			path = Controller;
			sourceTree = "<group>";
		};
		545AACE928D3A59400DFD9DF /* Model */ = {
			isa = PBXGroup;
			children = (
				54350FDD28DCA5EA00B30422 /* Upcoming */,
				54350FCE28DC1CF900B30422 /* TopRated */,
				54350FC928DC03B400B30422 /* PopularModel */,
				54350FBE28DBF62A00B30422 /* MovieModel */,
				54350FAC28DBC55600B30422 /* NowPlayingModel */,
			);
			path = Model;
			sourceTree = "<group>";
		};
		545AACEA28D3A5AD00DFD9DF /* View */ = {
			isa = PBXGroup;
			children = (
				5476D11A28DE3316005274D2 /* CollecionCell */,
				54F2467828D917D4006AF344 /* Cell */,
				C30893B328A2F42B004B1860 /* Main.storyboard */,
				C30893B828A2F42D004B1860 /* LaunchScreen.storyboard */,
			);
			path = View;
			sourceTree = "<group>";
		};
		5476D10628DE2910005274D2 /* Detail */ = {
			isa = PBXGroup;
			children = (
				5476D10A28DE294A005274D2 /* NowPlayingDetailViewController.swift */,
				5476D10B28DE294A005274D2 /* NowPlayingDetailViewController.xib */,
			);
			path = Detail;
			sourceTree = "<group>";
		};
		5476D10728DE291E005274D2 /* Detail */ = {
			isa = PBXGroup;
			children = (
				5476D10E28DE296C005274D2 /* PopularDetailViewController.swift */,
				5476D10F28DE296C005274D2 /* PopularDetailViewController.xib */,
			);
			path = Detail;
			sourceTree = "<group>";
		};
		5476D10828DE2926005274D2 /* Detail */ = {
			isa = PBXGroup;
			children = (
				5476D11228DE29CB005274D2 /* TopRatedDetailViewController.swift */,
				5476D11328DE29CB005274D2 /* TopRatedDetailViewController.xib */,
			);
			path = Detail;
			sourceTree = "<group>";
		};
		5476D10928DE2931005274D2 /* Detail */ = {
			isa = PBXGroup;
			children = (
				5476D11628DE29DC005274D2 /* UpcomingDetailViewController.swift */,
				5476D11728DE29DC005274D2 /* UpcomingDetailViewController.xib */,
			);
			path = Detail;
			sourceTree = "<group>";
		};
		5476D11A28DE3316005274D2 /* CollecionCell */ = {
			isa = PBXGroup;
			children = (
				54521B7B28E7289F007D7BB2 /* ElementCV */,
				54521B7628E727F7007D7BB2 /* UpcomingCV */,
			);
			path = CollecionCell;
			sourceTree = "<group>";
		};
		54DA08B128E4F6CF00BBDB2B /* Search */ = {
			isa = PBXGroup;
			children = (
				54DA08B228E4F70000BBDB2B /* SearchViewController.swift */,
				54DA08B328E4F70000BBDB2B /* SearchViewController.xib */,
			);
			path = Search;
			sourceTree = "<group>";
		};
		54DA08B628E4F7EC00BBDB2B /* SearchCell */ = {
			isa = PBXGroup;
			children = (
				54DA08BB28E4F83900BBDB2B /* SeachTableViewCell.swift */,
				54DA08BC28E4F83900BBDB2B /* SeachTableViewCell.xib */,
			);
			path = SearchCell;
			sourceTree = "<group>";
		};
		54F2467828D917D4006AF344 /* Cell */ = {
			isa = PBXGroup;
			children = (
				54DA08B628E4F7EC00BBDB2B /* SearchCell */,
				54350FE228DCA99700B30422 /* UpcomingCell */,
				54350FD828DC21C700B30422 /* TopRatedCell */,
				54350FC428DBF82800B30422 /* PopularCell */,
				54350FBC28DBF54900B30422 /* NowPlayingCell */,
				54350FBB28DBF53B00B30422 /* MovieCell */,
			);
			path = Cell;
			sourceTree = "<group>";
		};
		54F2467D28D92279006AF344 /* Extension */ = {
			isa = PBXGroup;
			children = (
				54F2467E28D92291006AF344 /* BAZPExtension.swift */,
			);
			path = Extension;
			sourceTree = "<group>";
		};
		C30893A128A2F42B004B1860 = {
			isa = PBXGroup;
			children = (
				C30893DA28A42481004B1860 /* README.md */,
				C383356D28CA917400FCE0D5 /* code-review-rubric.md */,
				C30893AC28A2F42B004B1860 /* BAZProjectC1 */,
				C30893AB28A2F42B004B1860 /* Products */,
			);
			sourceTree = "<group>";
		};
		C30893AB28A2F42B004B1860 /* Products */ = {
			isa = PBXGroup;
			children = (
				C30893AA28A2F42B004B1860 /* BAZProjectC1.app */,
			);
			name = Products;
			sourceTree = "<group>";
		};
		C30893AC28A2F42B004B1860 /* BAZProjectC1 */ = {
			isa = PBXGroup;
			children = (
				54F2467D28D92279006AF344 /* Extension */,
				545AACEA28D3A5AD00DFD9DF /* View */,
				545AACE928D3A59400DFD9DF /* Model */,
				545AACE828D3A58D00DFD9DF /* Controller */,
				545AACE728D3A58200DFD9DF /* Services */,
				C30893AD28A2F42B004B1860 /* AppDelegate.swift */,
				C30893AF28A2F42B004B1860 /* SceneDelegate.swift */,
				C30893B628A2F42D004B1860 /* Assets.xcassets */,
				C30893BB28A2F42D004B1860 /* Info.plist */,
			);
			path = BAZProjectC1;
			sourceTree = "<group>";
		};
/* End PBXGroup section */

/* Begin PBXNativeTarget section */
		C30893A928A2F42B004B1860 /* BAZProjectC1 */ = {
			isa = PBXNativeTarget;
			buildConfigurationList = C30893BE28A2F42D004B1860 /* Build configuration list for PBXNativeTarget "BAZProjectC1" */;
			buildPhases = (
				C30893A628A2F42B004B1860 /* Sources */,
				C30893A728A2F42B004B1860 /* Frameworks */,
				C30893A828A2F42B004B1860 /* Resources */,
			);
			buildRules = (
			);
			dependencies = (
			);
			name = BAZProjectC1;
			productName = BAZProjectC1;
			productReference = C30893AA28A2F42B004B1860 /* BAZProjectC1.app */;
			productType = "com.apple.product-type.application";
		};
/* End PBXNativeTarget section */

/* Begin PBXProject section */
		C30893A228A2F42B004B1860 /* Project object */ = {
			isa = PBXProject;
			attributes = {
				BuildIndependentTargetsInParallel = 1;
				LastSwiftUpdateCheck = 1340;
				LastUpgradeCheck = 1340;
				TargetAttributes = {
					C30893A928A2F42B004B1860 = {
						CreatedOnToolsVersion = 13.4.1;
					};
				};
			};
			buildConfigurationList = C30893A528A2F42B004B1860 /* Build configuration list for PBXProject "BAZProjectC1" */;
			compatibilityVersion = "Xcode 13.0";
			developmentRegion = en;
			hasScannedForEncodings = 0;
			knownRegions = (
				en,
				Base,
			);
			mainGroup = C30893A128A2F42B004B1860;
			productRefGroup = C30893AB28A2F42B004B1860 /* Products */;
			projectDirPath = "";
			projectRoot = "";
			targets = (
				C30893A928A2F42B004B1860 /* BAZProjectC1 */,
			);
		};
/* End PBXProject section */

/* Begin PBXResourcesBuildPhase section */
		C30893A828A2F42B004B1860 /* Resources */ = {
			isa = PBXResourcesBuildPhase;
			buildActionMask = 2147483647;
			files = (
				54DA08BE28E4F83900BBDB2B /* SeachTableViewCell.xib in Resources */,
				54350FA328DB520A00B30422 /* MovieDetailViewController.xib in Resources */,
				5476D10D28DE294A005274D2 /* NowPlayingDetailViewController.xib in Resources */,
				54350FD728DC1F7200B30422 /* TopRatedViewController.xib in Resources */,
				C30893BA28A2F42D004B1860 /* LaunchScreen.storyboard in Resources */,
				54350FE628DCA9B500B30422 /* UpcomingTableViewCell.xib in Resources */,
				54350FC328DBF69700B30422 /* PopularViewController.xib in Resources */,
				5476D11528DE29CB005274D2 /* TopRatedDetailViewController.xib in Resources */,
				C30893DB28A42481004B1860 /* README.md in Resources */,
				54F2467C28D917EF006AF344 /* MovieTableViewCell.xib in Resources */,
				C30893B728A2F42D004B1860 /* Assets.xcassets in Resources */,
				54350FBA28DBE9FA00B30422 /* NowPlayingViewController.xib in Resources */,
				5476D11E28DE3347005274D2 /* ElementCollectionViewCell.xib in Resources */,
				54350FB628DBDD8300B30422 /* NowPlayingTableViewCell.xib in Resources */,
				5476D11928DE29DC005274D2 /* UpcomingDetailViewController.xib in Resources */,
				5476D11128DE296C005274D2 /* PopularDetailViewController.xib in Resources */,
				54350FC828DBF84E00B30422 /* PopularTableViewCell.xib in Resources */,
				54521B7A28E72818007D7BB2 /* UpcomingCollectionViewCell.xib in Resources */,
				C383356E28CA917400FCE0D5 /* code-review-rubric.md in Resources */,
				54350FEB28DCAF8000B30422 /* UpcomingViewController.xib in Resources */,
				54350FDC28DC21E000B30422 /* TopRatedTableViewCell.xib in Resources */,
				C30893B528A2F42B004B1860 /* Main.storyboard in Resources */,
				54DA08B528E4F70000BBDB2B /* SearchViewController.xib in Resources */,
			);
			runOnlyForDeploymentPostprocessing = 0;
		};
/* End PBXResourcesBuildPhase section */

/* Begin PBXSourcesBuildPhase section */
		C30893A628A2F42B004B1860 /* Sources */ = {
			isa = PBXSourcesBuildPhase;
			buildActionMask = 2147483647;
			files = (
				54350FB928DBE9FA00B30422 /* NowPlayingViewController.swift in Sources */,
				54F2467F28D92291006AF344 /* BAZPExtension.swift in Sources */,
				545AACEC28D3AB7700DFD9DF /* Movie.swift in Sources */,
				54350FEA28DCAF8000B30422 /* UpcomingViewController.swift in Sources */,
				54521B7928E72818007D7BB2 /* UpcomingCollectionViewCell.swift in Sources */,
				54350FAE28DBC5B200B30422 /* NowPlayingAPIResponse.swift in Sources */,
				54350FC728DBF84E00B30422 /* PopularTableViewCell.swift in Sources */,
				C30893C428A2F845004B1860 /* TrendingViewController.swift in Sources */,
				54350FE128DCA65700B30422 /* Upcoming.swift in Sources */,
				54F2467B28D917EF006AF344 /* MovieTableViewCell.swift in Sources */,
				54350FDF28DCA60A00B30422 /* UpcomingAPIResponse.swift in Sources */,
				5476D11828DE29DC005274D2 /* UpcomingDetailViewController.swift in Sources */,
				5476D11D28DE3347005274D2 /* ElementCollectionViewCell.swift in Sources */,
				54DA08B428E4F70000BBDB2B /* SearchViewController.swift in Sources */,
				5476D11028DE296C005274D2 /* PopularDetailViewController.swift in Sources */,
				54350FB028DBC61800B30422 /* NowPlay.swift in Sources */,
				54350FD028DC1DE700B30422 /* TopRatedAPIResponse.swift in Sources */,
				54350FB528DBDD8300B30422 /* NowPlayingTableViewCell.swift in Sources */,
				5476D10C28DE294A005274D2 /* NowPlayingDetailViewController.swift in Sources */,
				54350FC228DBF69700B30422 /* PopularViewController.swift in Sources */,
				54350FE528DCA9B500B30422 /* UpcomingTableViewCell.swift in Sources */,
				C30893AE28A2F42B004B1860 /* AppDelegate.swift in Sources */,
				C30893B028A2F42B004B1860 /* SceneDelegate.swift in Sources */,
				54350FA528DB949E00B30422 /* CustomTabBarController.swift in Sources */,
				C30893E228A425E1004B1860 /* MovieAPI.swift in Sources */,
				54350FD628DC1F7200B30422 /* TopRatedViewController.swift in Sources */,
				54350FDB28DC21E000B30422 /* TopRatedTableViewCell.swift in Sources */,
				54350FB228DBC6E500B30422 /* Dates.swift in Sources */,
				54350FA228DB520A00B30422 /* MovieDetailViewController.swift in Sources */,
				C30893E328A425E1004B1860 /* MovieAPIResponse.swift in Sources */,
				5476D11428DE29CB005274D2 /* TopRatedDetailViewController.swift in Sources */,
				54350FCD28DC047000B30422 /* Popular.swift in Sources */,
				54350FCB28DC042C00B30422 /* PopularAPIResponse.swift in Sources */,
				54DA08BD28E4F83900BBDB2B /* SeachTableViewCell.swift in Sources */,
				54350FD228DC1E4900B30422 /* TopRated.swift in Sources */,
			);
			runOnlyForDeploymentPostprocessing = 0;
		};
/* End PBXSourcesBuildPhase section */

/* Begin PBXVariantGroup section */
		C30893B328A2F42B004B1860 /* Main.storyboard */ = {
			isa = PBXVariantGroup;
			children = (
				C30893B428A2F42B004B1860 /* Base */,
			);
			name = Main.storyboard;
			sourceTree = "<group>";
		};
		C30893B828A2F42D004B1860 /* LaunchScreen.storyboard */ = {
			isa = PBXVariantGroup;
			children = (
				C30893B928A2F42D004B1860 /* Base */,
			);
			name = LaunchScreen.storyboard;
			sourceTree = "<group>";
		};
/* End PBXVariantGroup section */

/* Begin XCBuildConfiguration section */
		C30893BC28A2F42D004B1860 /* Debug */ = {
			isa = XCBuildConfiguration;
			buildSettings = {
				ALWAYS_SEARCH_USER_PATHS = NO;
				CLANG_ANALYZER_NONNULL = YES;
				CLANG_ANALYZER_NUMBER_OBJECT_CONVERSION = YES_AGGRESSIVE;
				CLANG_CXX_LANGUAGE_STANDARD = "gnu++17";
				CLANG_ENABLE_MODULES = YES;
				CLANG_ENABLE_OBJC_ARC = YES;
				CLANG_ENABLE_OBJC_WEAK = YES;
				CLANG_WARN_BLOCK_CAPTURE_AUTORELEASING = YES;
				CLANG_WARN_BOOL_CONVERSION = YES;
				CLANG_WARN_COMMA = YES;
				CLANG_WARN_CONSTANT_CONVERSION = YES;
				CLANG_WARN_DEPRECATED_OBJC_IMPLEMENTATIONS = YES;
				CLANG_WARN_DIRECT_OBJC_ISA_USAGE = YES_ERROR;
				CLANG_WARN_DOCUMENTATION_COMMENTS = YES;
				CLANG_WARN_EMPTY_BODY = YES;
				CLANG_WARN_ENUM_CONVERSION = YES;
				CLANG_WARN_INFINITE_RECURSION = YES;
				CLANG_WARN_INT_CONVERSION = YES;
				CLANG_WARN_NON_LITERAL_NULL_CONVERSION = YES;
				CLANG_WARN_OBJC_IMPLICIT_RETAIN_SELF = YES;
				CLANG_WARN_OBJC_LITERAL_CONVERSION = YES;
				CLANG_WARN_OBJC_ROOT_CLASS = YES_ERROR;
				CLANG_WARN_QUOTED_INCLUDE_IN_FRAMEWORK_HEADER = YES;
				CLANG_WARN_RANGE_LOOP_ANALYSIS = YES;
				CLANG_WARN_STRICT_PROTOTYPES = YES;
				CLANG_WARN_SUSPICIOUS_MOVE = YES;
				CLANG_WARN_UNGUARDED_AVAILABILITY = YES_AGGRESSIVE;
				CLANG_WARN_UNREACHABLE_CODE = YES;
				CLANG_WARN__DUPLICATE_METHOD_MATCH = YES;
				COPY_PHASE_STRIP = NO;
				DEBUG_INFORMATION_FORMAT = dwarf;
				ENABLE_STRICT_OBJC_MSGSEND = YES;
				ENABLE_TESTABILITY = YES;
				GCC_C_LANGUAGE_STANDARD = gnu11;
				GCC_DYNAMIC_NO_PIC = NO;
				GCC_NO_COMMON_BLOCKS = YES;
				GCC_OPTIMIZATION_LEVEL = 0;
				GCC_PREPROCESSOR_DEFINITIONS = (
					"DEBUG=1",
					"$(inherited)",
				);
				GCC_WARN_64_TO_32_BIT_CONVERSION = YES;
				GCC_WARN_ABOUT_RETURN_TYPE = YES_ERROR;
				GCC_WARN_UNDECLARED_SELECTOR = YES;
				GCC_WARN_UNINITIALIZED_AUTOS = YES_AGGRESSIVE;
				GCC_WARN_UNUSED_FUNCTION = YES;
				GCC_WARN_UNUSED_VARIABLE = YES;
				IPHONEOS_DEPLOYMENT_TARGET = 14.0;
				MTL_ENABLE_DEBUG_INFO = INCLUDE_SOURCE;
				MTL_FAST_MATH = YES;
				ONLY_ACTIVE_ARCH = YES;
				SDKROOT = iphoneos;
				SWIFT_ACTIVE_COMPILATION_CONDITIONS = DEBUG;
				SWIFT_OPTIMIZATION_LEVEL = "-Onone";
			};
			name = Debug;
		};
		C30893BD28A2F42D004B1860 /* Release */ = {
			isa = XCBuildConfiguration;
			buildSettings = {
				ALWAYS_SEARCH_USER_PATHS = NO;
				CLANG_ANALYZER_NONNULL = YES;
				CLANG_ANALYZER_NUMBER_OBJECT_CONVERSION = YES_AGGRESSIVE;
				CLANG_CXX_LANGUAGE_STANDARD = "gnu++17";
				CLANG_ENABLE_MODULES = YES;
				CLANG_ENABLE_OBJC_ARC = YES;
				CLANG_ENABLE_OBJC_WEAK = YES;
				CLANG_WARN_BLOCK_CAPTURE_AUTORELEASING = YES;
				CLANG_WARN_BOOL_CONVERSION = YES;
				CLANG_WARN_COMMA = YES;
				CLANG_WARN_CONSTANT_CONVERSION = YES;
				CLANG_WARN_DEPRECATED_OBJC_IMPLEMENTATIONS = YES;
				CLANG_WARN_DIRECT_OBJC_ISA_USAGE = YES_ERROR;
				CLANG_WARN_DOCUMENTATION_COMMENTS = YES;
				CLANG_WARN_EMPTY_BODY = YES;
				CLANG_WARN_ENUM_CONVERSION = YES;
				CLANG_WARN_INFINITE_RECURSION = YES;
				CLANG_WARN_INT_CONVERSION = YES;
				CLANG_WARN_NON_LITERAL_NULL_CONVERSION = YES;
				CLANG_WARN_OBJC_IMPLICIT_RETAIN_SELF = YES;
				CLANG_WARN_OBJC_LITERAL_CONVERSION = YES;
				CLANG_WARN_OBJC_ROOT_CLASS = YES_ERROR;
				CLANG_WARN_QUOTED_INCLUDE_IN_FRAMEWORK_HEADER = YES;
				CLANG_WARN_RANGE_LOOP_ANALYSIS = YES;
				CLANG_WARN_STRICT_PROTOTYPES = YES;
				CLANG_WARN_SUSPICIOUS_MOVE = YES;
				CLANG_WARN_UNGUARDED_AVAILABILITY = YES_AGGRESSIVE;
				CLANG_WARN_UNREACHABLE_CODE = YES;
				CLANG_WARN__DUPLICATE_METHOD_MATCH = YES;
				COPY_PHASE_STRIP = NO;
				DEBUG_INFORMATION_FORMAT = "dwarf-with-dsym";
				ENABLE_NS_ASSERTIONS = NO;
				ENABLE_STRICT_OBJC_MSGSEND = YES;
				GCC_C_LANGUAGE_STANDARD = gnu11;
				GCC_NO_COMMON_BLOCKS = YES;
				GCC_WARN_64_TO_32_BIT_CONVERSION = YES;
				GCC_WARN_ABOUT_RETURN_TYPE = YES_ERROR;
				GCC_WARN_UNDECLARED_SELECTOR = YES;
				GCC_WARN_UNINITIALIZED_AUTOS = YES_AGGRESSIVE;
				GCC_WARN_UNUSED_FUNCTION = YES;
				GCC_WARN_UNUSED_VARIABLE = YES;
				IPHONEOS_DEPLOYMENT_TARGET = 14.0;
				MTL_ENABLE_DEBUG_INFO = NO;
				MTL_FAST_MATH = YES;
				SDKROOT = iphoneos;
				SWIFT_COMPILATION_MODE = wholemodule;
				SWIFT_OPTIMIZATION_LEVEL = "-O";
				VALIDATE_PRODUCT = YES;
			};
			name = Release;
		};
		C30893BF28A2F42D004B1860 /* Debug */ = {
			isa = XCBuildConfiguration;
			buildSettings = {
				ASSETCATALOG_COMPILER_APPICON_NAME = AppIcon;
				ASSETCATALOG_COMPILER_GLOBAL_ACCENT_COLOR_NAME = AccentColor;
				CODE_SIGN_IDENTITY = "Apple Development";
				CODE_SIGN_STYLE = Automatic;
				CURRENT_PROJECT_VERSION = 1;
				DEVELOPMENT_TEAM = K3CP3A2L68;
				GENERATE_INFOPLIST_FILE = YES;
				INFOPLIST_FILE = BAZProjectC1/Info.plist;
				INFOPLIST_KEY_UIApplicationSupportsIndirectInputEvents = YES;
				INFOPLIST_KEY_UILaunchStoryboardName = LaunchScreen;
				INFOPLIST_KEY_UIMainStoryboardFile = Main;
				INFOPLIST_KEY_UISupportedInterfaceOrientations_iPad = "UIInterfaceOrientationPortrait UIInterfaceOrientationPortraitUpsideDown UIInterfaceOrientationLandscapeLeft UIInterfaceOrientationLandscapeRight";
				INFOPLIST_KEY_UISupportedInterfaceOrientations_iPhone = "UIInterfaceOrientationPortrait UIInterfaceOrientationLandscapeLeft UIInterfaceOrientationLandscapeRight";
				IPHONEOS_DEPLOYMENT_TARGET = 14.0;
				LD_RUNPATH_SEARCH_PATHS = (
					"$(inherited)",
					"@executable_path/Frameworks",
				);
				MARKETING_VERSION = 1.0;
				PRODUCT_BUNDLE_IDENTIFIER = com.baz.wizeline.BAZProjectC1;
				PRODUCT_NAME = "$(TARGET_NAME)";
				PROVISIONING_PROFILE_SPECIFIER = "";
				SWIFT_EMIT_LOC_STRINGS = YES;
				SWIFT_VERSION = 5.0;
				TARGETED_DEVICE_FAMILY = 1;
			};
			name = Debug;
		};
		C30893C028A2F42D004B1860 /* Release */ = {
			isa = XCBuildConfiguration;
			buildSettings = {
				ASSETCATALOG_COMPILER_APPICON_NAME = AppIcon;
				ASSETCATALOG_COMPILER_GLOBAL_ACCENT_COLOR_NAME = AccentColor;
				CODE_SIGN_IDENTITY = "Apple Development";
				CODE_SIGN_STYLE = Automatic;
				CURRENT_PROJECT_VERSION = 1;
				DEVELOPMENT_TEAM = K3CP3A2L68;
				GENERATE_INFOPLIST_FILE = YES;
				INFOPLIST_FILE = BAZProjectC1/Info.plist;
				INFOPLIST_KEY_UIApplicationSupportsIndirectInputEvents = YES;
				INFOPLIST_KEY_UILaunchStoryboardName = LaunchScreen;
				INFOPLIST_KEY_UIMainStoryboardFile = Main;
				INFOPLIST_KEY_UISupportedInterfaceOrientations_iPad = "UIInterfaceOrientationPortrait UIInterfaceOrientationPortraitUpsideDown UIInterfaceOrientationLandscapeLeft UIInterfaceOrientationLandscapeRight";
				INFOPLIST_KEY_UISupportedInterfaceOrientations_iPhone = "UIInterfaceOrientationPortrait UIInterfaceOrientationLandscapeLeft UIInterfaceOrientationLandscapeRight";
				IPHONEOS_DEPLOYMENT_TARGET = 14.0;
				LD_RUNPATH_SEARCH_PATHS = (
					"$(inherited)",
					"@executable_path/Frameworks",
				);
				MARKETING_VERSION = 1.0;
				PRODUCT_BUNDLE_IDENTIFIER = com.baz.wizeline.BAZProjectC1;
				PRODUCT_NAME = "$(TARGET_NAME)";
				PROVISIONING_PROFILE_SPECIFIER = "";
				SWIFT_EMIT_LOC_STRINGS = YES;
				SWIFT_VERSION = 5.0;
				TARGETED_DEVICE_FAMILY = 1;
			};
			name = Release;
		};
/* End XCBuildConfiguration section */

/* Begin XCConfigurationList section */
		C30893A528A2F42B004B1860 /* Build configuration list for PBXProject "BAZProjectC1" */ = {
			isa = XCConfigurationList;
			buildConfigurations = (
				C30893BC28A2F42D004B1860 /* Debug */,
				C30893BD28A2F42D004B1860 /* Release */,
			);
			defaultConfigurationIsVisible = 0;
			defaultConfigurationName = Release;
		};
		C30893BE28A2F42D004B1860 /* Build configuration list for PBXNativeTarget "BAZProjectC1" */ = {
			isa = XCConfigurationList;
			buildConfigurations = (
				C30893BF28A2F42D004B1860 /* Debug */,
				C30893C028A2F42D004B1860 /* Release */,
			);
			defaultConfigurationIsVisible = 0;
			defaultConfigurationName = Release;
		};
/* End XCConfigurationList section */
	};
	rootObject = C30893A228A2F42B004B1860 /* Project object */;
}
