// !$*UTF8*$!
{
	archiveVersion = 1;
	classes = {
	};
	objectVersion = 55;
	objects = {

/* Begin PBXBuildFile section */
		5411E07B28EFC6E2000A3CE9 /* DetailViewController.swift in Sources */ = {isa = PBXBuildFile; fileRef = 5411E07928EFC6E2000A3CE9 /* DetailViewController.swift */; };
		5411E07C28EFC6E2000A3CE9 /* DetailViewController.xib in Resources */ = {isa = PBXBuildFile; fileRef = 5411E07A28EFC6E2000A3CE9 /* DetailViewController.xib */; };
		54350FA528DB949E00B30422 /* CustomTabBarController.swift in Sources */ = {isa = PBXBuildFile; fileRef = 54350FA428DB949E00B30422 /* CustomTabBarController.swift */; };
		54350FB528DBDD8300B30422 /* NowPlayingTableViewCell.swift in Sources */ = {isa = PBXBuildFile; fileRef = 54350FB328DBDD8300B30422 /* NowPlayingTableViewCell.swift */; };
		54350FB628DBDD8300B30422 /* NowPlayingTableViewCell.xib in Resources */ = {isa = PBXBuildFile; fileRef = 54350FB428DBDD8300B30422 /* NowPlayingTableViewCell.xib */; };
		54350FB928DBE9FA00B30422 /* NowPlayingViewController.swift in Sources */ = {isa = PBXBuildFile; fileRef = 54350FB728DBE9FA00B30422 /* NowPlayingViewController.swift */; };
		54350FBA28DBE9FA00B30422 /* NowPlayingViewController.xib in Resources */ = {isa = PBXBuildFile; fileRef = 54350FB828DBE9FA00B30422 /* NowPlayingViewController.xib */; };
		54350FC228DBF69700B30422 /* PopularViewController.swift in Sources */ = {isa = PBXBuildFile; fileRef = 54350FC028DBF69700B30422 /* PopularViewController.swift */; };
		54350FC328DBF69700B30422 /* PopularViewController.xib in Resources */ = {isa = PBXBuildFile; fileRef = 54350FC128DBF69700B30422 /* PopularViewController.xib */; };
		54350FC728DBF84E00B30422 /* PopularTableViewCell.swift in Sources */ = {isa = PBXBuildFile; fileRef = 54350FC528DBF84E00B30422 /* PopularTableViewCell.swift */; };
		54350FC828DBF84E00B30422 /* PopularTableViewCell.xib in Resources */ = {isa = PBXBuildFile; fileRef = 54350FC628DBF84E00B30422 /* PopularTableViewCell.xib */; };
		54350FD628DC1F7200B30422 /* TopRatedViewController.swift in Sources */ = {isa = PBXBuildFile; fileRef = 54350FD428DC1F7200B30422 /* TopRatedViewController.swift */; };
		54350FD728DC1F7200B30422 /* TopRatedViewController.xib in Resources */ = {isa = PBXBuildFile; fileRef = 54350FD528DC1F7200B30422 /* TopRatedViewController.xib */; };
		54350FDB28DC21E000B30422 /* TopRatedTableViewCell.swift in Sources */ = {isa = PBXBuildFile; fileRef = 54350FD928DC21E000B30422 /* TopRatedTableViewCell.swift */; };
		54350FDC28DC21E000B30422 /* TopRatedTableViewCell.xib in Resources */ = {isa = PBXBuildFile; fileRef = 54350FDA28DC21E000B30422 /* TopRatedTableViewCell.xib */; };
		54350FEA28DCAF8000B30422 /* UpcomingViewController.swift in Sources */ = {isa = PBXBuildFile; fileRef = 54350FE828DCAF8000B30422 /* UpcomingViewController.swift */; };
		54350FEB28DCAF8000B30422 /* UpcomingViewController.xib in Resources */ = {isa = PBXBuildFile; fileRef = 54350FE928DCAF8000B30422 /* UpcomingViewController.xib */; };
		5442EA9A28EC85C700BC4B20 /* HomeViewController.swift in Sources */ = {isa = PBXBuildFile; fileRef = 5442EA9828EC85C700BC4B20 /* HomeViewController.swift */; };
		5442EA9B28EC85C700BC4B20 /* HomeViewController.xib in Resources */ = {isa = PBXBuildFile; fileRef = 5442EA9928EC85C700BC4B20 /* HomeViewController.xib */; };
		5442EA9E28EC8CE300BC4B20 /* SearchAPIResult.swift in Sources */ = {isa = PBXBuildFile; fileRef = 5442EA9D28EC8CE300BC4B20 /* SearchAPIResult.swift */; };
		5442EAA228EC90E700BC4B20 /* SimpleSearchTableViewCell.swift in Sources */ = {isa = PBXBuildFile; fileRef = 5442EAA028EC90E700BC4B20 /* SimpleSearchTableViewCell.swift */; };
		5442EAA328EC90E700BC4B20 /* SimpleSearchTableViewCell.xib in Resources */ = {isa = PBXBuildFile; fileRef = 5442EAA128EC90E700BC4B20 /* SimpleSearchTableViewCell.xib */; };
		5442EAA528EC922300BC4B20 /* Search.swift in Sources */ = {isa = PBXBuildFile; fileRef = 5442EAA428EC922300BC4B20 /* Search.swift */; };
		5442EAA928EC9CBD00BC4B20 /* ReviewViewController.swift in Sources */ = {isa = PBXBuildFile; fileRef = 5442EAA728EC9CBD00BC4B20 /* ReviewViewController.swift */; };
		5442EAAA28EC9CBD00BC4B20 /* ReviewViewController.xib in Resources */ = {isa = PBXBuildFile; fileRef = 5442EAA828EC9CBD00BC4B20 /* ReviewViewController.xib */; };
		5442EAAD28EC9DC300BC4B20 /* ReviewAPIResponse.swift in Sources */ = {isa = PBXBuildFile; fileRef = 5442EAAC28EC9DC300BC4B20 /* ReviewAPIResponse.swift */; };
		5442EAAF28EC9DF500BC4B20 /* Review.swift in Sources */ = {isa = PBXBuildFile; fileRef = 5442EAAE28EC9DF500BC4B20 /* Review.swift */; };
		5442EAB128EC9E5100BC4B20 /* AuthorDetails.swift in Sources */ = {isa = PBXBuildFile; fileRef = 5442EAB028EC9E5100BC4B20 /* AuthorDetails.swift */; };
		5442EAB528ECA6A400BC4B20 /* ReviewTableViewCell.swift in Sources */ = {isa = PBXBuildFile; fileRef = 5442EAB328ECA6A400BC4B20 /* ReviewTableViewCell.swift */; };
		5442EAB628ECA6A400BC4B20 /* ReviewTableViewCell.xib in Resources */ = {isa = PBXBuildFile; fileRef = 5442EAB428ECA6A400BC4B20 /* ReviewTableViewCell.xib */; };
		54521B7928E72818007D7BB2 /* UpcomingCollectionViewCell.swift in Sources */ = {isa = PBXBuildFile; fileRef = 54521B7728E72818007D7BB2 /* UpcomingCollectionViewCell.swift */; };
		54521B7A28E72818007D7BB2 /* UpcomingCollectionViewCell.xib in Resources */ = {isa = PBXBuildFile; fileRef = 54521B7828E72818007D7BB2 /* UpcomingCollectionViewCell.xib */; };
		545AACEC28D3AB7700DFD9DF /* Movie.swift in Sources */ = {isa = PBXBuildFile; fileRef = 545AACEB28D3AB7700DFD9DF /* Movie.swift */; };
		5476D11D28DE3347005274D2 /* ElementCollectionViewCell.swift in Sources */ = {isa = PBXBuildFile; fileRef = 5476D11B28DE3347005274D2 /* ElementCollectionViewCell.swift */; };
		5476D11E28DE3347005274D2 /* ElementCollectionViewCell.xib in Resources */ = {isa = PBXBuildFile; fileRef = 5476D11C28DE3347005274D2 /* ElementCollectionViewCell.xib */; };
		54F2467B28D917EF006AF344 /* MovieTableViewCell.swift in Sources */ = {isa = PBXBuildFile; fileRef = 54F2467928D917EF006AF344 /* MovieTableViewCell.swift */; };
		54F2467C28D917EF006AF344 /* MovieTableViewCell.xib in Resources */ = {isa = PBXBuildFile; fileRef = 54F2467A28D917EF006AF344 /* MovieTableViewCell.xib */; };
		54F2467F28D92291006AF344 /* BAZPExtension.swift in Sources */ = {isa = PBXBuildFile; fileRef = 54F2467E28D92291006AF344 /* BAZPExtension.swift */; };
		C30893AE28A2F42B004B1860 /* AppDelegate.swift in Sources */ = {isa = PBXBuildFile; fileRef = C30893AD28A2F42B004B1860 /* AppDelegate.swift */; };
		C30893B028A2F42B004B1860 /* SceneDelegate.swift in Sources */ = {isa = PBXBuildFile; fileRef = C30893AF28A2F42B004B1860 /* SceneDelegate.swift */; };
		C30893B528A2F42B004B1860 /* Main.storyboard in Resources */ = {isa = PBXBuildFile; fileRef = C30893B328A2F42B004B1860 /* Main.storyboard */; };
		C30893B728A2F42D004B1860 /* Assets.xcassets in Resources */ = {isa = PBXBuildFile; fileRef = C30893B628A2F42D004B1860 /* Assets.xcassets */; };
		C30893BA28A2F42D004B1860 /* LaunchScreen.storyboard in Resources */ = {isa = PBXBuildFile; fileRef = C30893B828A2F42D004B1860 /* LaunchScreen.storyboard */; };
		C30893C428A2F845004B1860 /* TrendingViewController.swift in Sources */ = {isa = PBXBuildFile; fileRef = C30893C328A2F845004B1860 /* TrendingViewController.swift */; };
		C30893DB28A42481004B1860 /* README.md in Resources */ = {isa = PBXBuildFile; fileRef = C30893DA28A42481004B1860 /* README.md */; };
		C30893E228A425E1004B1860 /* MovieAPI.swift in Sources */ = {isa = PBXBuildFile; fileRef = C30893E028A425E1004B1860 /* MovieAPI.swift */; };
		C30893E328A425E1004B1860 /* MovieAPIResponse.swift in Sources */ = {isa = PBXBuildFile; fileRef = C30893E128A425E1004B1860 /* MovieAPIResponse.swift */; };
		C383356E28CA917400FCE0D5 /* code-review-rubric.md in Resources */ = {isa = PBXBuildFile; fileRef = C383356D28CA917400FCE0D5 /* code-review-rubric.md */; };
/* End PBXBuildFile section */

/* Begin PBXFileReference section */
		5411E07928EFC6E2000A3CE9 /* DetailViewController.swift */ = {isa = PBXFileReference; lastKnownFileType = sourcecode.swift; path = DetailViewController.swift; sourceTree = "<group>"; };
		5411E07A28EFC6E2000A3CE9 /* DetailViewController.xib */ = {isa = PBXFileReference; lastKnownFileType = file.xib; path = DetailViewController.xib; sourceTree = "<group>"; };
		54350FA428DB949E00B30422 /* CustomTabBarController.swift */ = {isa = PBXFileReference; lastKnownFileType = sourcecode.swift; path = CustomTabBarController.swift; sourceTree = "<group>"; };
		54350FB328DBDD8300B30422 /* NowPlayingTableViewCell.swift */ = {isa = PBXFileReference; lastKnownFileType = sourcecode.swift; path = NowPlayingTableViewCell.swift; sourceTree = "<group>"; };
		54350FB428DBDD8300B30422 /* NowPlayingTableViewCell.xib */ = {isa = PBXFileReference; lastKnownFileType = file.xib; path = NowPlayingTableViewCell.xib; sourceTree = "<group>"; };
		54350FB728DBE9FA00B30422 /* NowPlayingViewController.swift */ = {isa = PBXFileReference; lastKnownFileType = sourcecode.swift; path = NowPlayingViewController.swift; sourceTree = "<group>"; };
		54350FB828DBE9FA00B30422 /* NowPlayingViewController.xib */ = {isa = PBXFileReference; lastKnownFileType = file.xib; path = NowPlayingViewController.xib; sourceTree = "<group>"; };
		54350FC028DBF69700B30422 /* PopularViewController.swift */ = {isa = PBXFileReference; lastKnownFileType = sourcecode.swift; path = PopularViewController.swift; sourceTree = "<group>"; };
		54350FC128DBF69700B30422 /* PopularViewController.xib */ = {isa = PBXFileReference; lastKnownFileType = file.xib; path = PopularViewController.xib; sourceTree = "<group>"; };
		54350FC528DBF84E00B30422 /* PopularTableViewCell.swift */ = {isa = PBXFileReference; lastKnownFileType = sourcecode.swift; path = PopularTableViewCell.swift; sourceTree = "<group>"; };
		54350FC628DBF84E00B30422 /* PopularTableViewCell.xib */ = {isa = PBXFileReference; lastKnownFileType = file.xib; path = PopularTableViewCell.xib; sourceTree = "<group>"; };
		54350FD428DC1F7200B30422 /* TopRatedViewController.swift */ = {isa = PBXFileReference; lastKnownFileType = sourcecode.swift; path = TopRatedViewController.swift; sourceTree = "<group>"; };
		54350FD528DC1F7200B30422 /* TopRatedViewController.xib */ = {isa = PBXFileReference; lastKnownFileType = file.xib; path = TopRatedViewController.xib; sourceTree = "<group>"; };
		54350FD928DC21E000B30422 /* TopRatedTableViewCell.swift */ = {isa = PBXFileReference; lastKnownFileType = sourcecode.swift; name = TopRatedTableViewCell.swift; path = BAZProjectC1/View/Cell/TopRatedTableViewCell.swift; sourceTree = SOURCE_ROOT; };
		54350FDA28DC21E000B30422 /* TopRatedTableViewCell.xib */ = {isa = PBXFileReference; lastKnownFileType = file.xib; name = TopRatedTableViewCell.xib; path = BAZProjectC1/View/Cell/TopRatedTableViewCell.xib; sourceTree = SOURCE_ROOT; };
		54350FE828DCAF8000B30422 /* UpcomingViewController.swift */ = {isa = PBXFileReference; lastKnownFileType = sourcecode.swift; path = UpcomingViewController.swift; sourceTree = "<group>"; };
		54350FE928DCAF8000B30422 /* UpcomingViewController.xib */ = {isa = PBXFileReference; lastKnownFileType = file.xib; path = UpcomingViewController.xib; sourceTree = "<group>"; };
		5442EA9828EC85C700BC4B20 /* HomeViewController.swift */ = {isa = PBXFileReference; lastKnownFileType = sourcecode.swift; path = HomeViewController.swift; sourceTree = "<group>"; };
		5442EA9928EC85C700BC4B20 /* HomeViewController.xib */ = {isa = PBXFileReference; lastKnownFileType = file.xib; path = HomeViewController.xib; sourceTree = "<group>"; };
		5442EA9D28EC8CE300BC4B20 /* SearchAPIResult.swift */ = {isa = PBXFileReference; lastKnownFileType = sourcecode.swift; path = SearchAPIResult.swift; sourceTree = "<group>"; };
		5442EAA028EC90E700BC4B20 /* SimpleSearchTableViewCell.swift */ = {isa = PBXFileReference; lastKnownFileType = sourcecode.swift; path = SimpleSearchTableViewCell.swift; sourceTree = "<group>"; };
		5442EAA128EC90E700BC4B20 /* SimpleSearchTableViewCell.xib */ = {isa = PBXFileReference; lastKnownFileType = file.xib; path = SimpleSearchTableViewCell.xib; sourceTree = "<group>"; };
		5442EAA428EC922300BC4B20 /* Search.swift */ = {isa = PBXFileReference; lastKnownFileType = sourcecode.swift; path = Search.swift; sourceTree = "<group>"; };
		5442EAA728EC9CBD00BC4B20 /* ReviewViewController.swift */ = {isa = PBXFileReference; lastKnownFileType = sourcecode.swift; path = ReviewViewController.swift; sourceTree = "<group>"; };
		5442EAA828EC9CBD00BC4B20 /* ReviewViewController.xib */ = {isa = PBXFileReference; lastKnownFileType = file.xib; path = ReviewViewController.xib; sourceTree = "<group>"; };
		5442EAAC28EC9DC300BC4B20 /* ReviewAPIResponse.swift */ = {isa = PBXFileReference; lastKnownFileType = sourcecode.swift; path = ReviewAPIResponse.swift; sourceTree = "<group>"; };
		5442EAAE28EC9DF500BC4B20 /* Review.swift */ = {isa = PBXFileReference; lastKnownFileType = sourcecode.swift; path = Review.swift; sourceTree = "<group>"; };
		5442EAB028EC9E5100BC4B20 /* AuthorDetails.swift */ = {isa = PBXFileReference; lastKnownFileType = sourcecode.swift; path = AuthorDetails.swift; sourceTree = "<group>"; };
		5442EAB328ECA6A400BC4B20 /* ReviewTableViewCell.swift */ = {isa = PBXFileReference; lastKnownFileType = sourcecode.swift; path = ReviewTableViewCell.swift; sourceTree = "<group>"; };
		5442EAB428ECA6A400BC4B20 /* ReviewTableViewCell.xib */ = {isa = PBXFileReference; lastKnownFileType = file.xib; path = ReviewTableViewCell.xib; sourceTree = "<group>"; };
		54521B7728E72818007D7BB2 /* UpcomingCollectionViewCell.swift */ = {isa = PBXFileReference; lastKnownFileType = sourcecode.swift; path = UpcomingCollectionViewCell.swift; sourceTree = "<group>"; };
		54521B7828E72818007D7BB2 /* UpcomingCollectionViewCell.xib */ = {isa = PBXFileReference; lastKnownFileType = file.xib; path = UpcomingCollectionViewCell.xib; sourceTree = "<group>"; };
		545AACEB28D3AB7700DFD9DF /* Movie.swift */ = {isa = PBXFileReference; fileEncoding = 4; lastKnownFileType = sourcecode.swift; path = Movie.swift; sourceTree = "<group>"; };
		5476D11B28DE3347005274D2 /* ElementCollectionViewCell.swift */ = {isa = PBXFileReference; lastKnownFileType = sourcecode.swift; path = ElementCollectionViewCell.swift; sourceTree = "<group>"; };
		5476D11C28DE3347005274D2 /* ElementCollectionViewCell.xib */ = {isa = PBXFileReference; lastKnownFileType = file.xib; path = ElementCollectionViewCell.xib; sourceTree = "<group>"; };
		54F2467928D917EF006AF344 /* MovieTableViewCell.swift */ = {isa = PBXFileReference; lastKnownFileType = sourcecode.swift; path = MovieTableViewCell.swift; sourceTree = "<group>"; };
		54F2467A28D917EF006AF344 /* MovieTableViewCell.xib */ = {isa = PBXFileReference; lastKnownFileType = file.xib; path = MovieTableViewCell.xib; sourceTree = "<group>"; };
		54F2467E28D92291006AF344 /* BAZPExtension.swift */ = {isa = PBXFileReference; lastKnownFileType = sourcecode.swift; path = BAZPExtension.swift; sourceTree = "<group>"; };
		C30893AA28A2F42B004B1860 /* BAZProjectC1.app */ = {isa = PBXFileReference; explicitFileType = wrapper.application; includeInIndex = 0; path = BAZProjectC1.app; sourceTree = BUILT_PRODUCTS_DIR; };
		C30893AD28A2F42B004B1860 /* AppDelegate.swift */ = {isa = PBXFileReference; lastKnownFileType = sourcecode.swift; path = AppDelegate.swift; sourceTree = "<group>"; };
		C30893AF28A2F42B004B1860 /* SceneDelegate.swift */ = {isa = PBXFileReference; lastKnownFileType = sourcecode.swift; path = SceneDelegate.swift; sourceTree = "<group>"; };
		C30893B428A2F42B004B1860 /* Base */ = {isa = PBXFileReference; lastKnownFileType = file.storyboard; name = Base; path = Base.lproj/Main.storyboard; sourceTree = "<group>"; };
		C30893B628A2F42D004B1860 /* Assets.xcassets */ = {isa = PBXFileReference; lastKnownFileType = folder.assetcatalog; path = Assets.xcassets; sourceTree = "<group>"; };
		C30893B928A2F42D004B1860 /* Base */ = {isa = PBXFileReference; lastKnownFileType = file.storyboard; name = Base; path = Base.lproj/LaunchScreen.storyboard; sourceTree = "<group>"; };
		C30893BB28A2F42D004B1860 /* Info.plist */ = {isa = PBXFileReference; lastKnownFileType = text.plist.xml; path = Info.plist; sourceTree = "<group>"; };
		C30893C328A2F845004B1860 /* TrendingViewController.swift */ = {isa = PBXFileReference; lastKnownFileType = sourcecode.swift; path = TrendingViewController.swift; sourceTree = "<group>"; };
		C30893DA28A42481004B1860 /* README.md */ = {isa = PBXFileReference; fileEncoding = 4; lastKnownFileType = net.daringfireball.markdown; path = README.md; sourceTree = "<group>"; };
		C30893E028A425E1004B1860 /* MovieAPI.swift */ = {isa = PBXFileReference; fileEncoding = 4; lastKnownFileType = sourcecode.swift; path = MovieAPI.swift; sourceTree = "<group>"; };
		C30893E128A425E1004B1860 /* MovieAPIResponse.swift */ = {isa = PBXFileReference; fileEncoding = 4; lastKnownFileType = sourcecode.swift; path = MovieAPIResponse.swift; sourceTree = "<group>"; };
		C383356D28CA917400FCE0D5 /* code-review-rubric.md */ = {isa = PBXFileReference; fileEncoding = 4; lastKnownFileType = net.daringfireball.markdown; path = "code-review-rubric.md"; sourceTree = "<group>"; };
/* End PBXFileReference section */

/* Begin PBXFrameworksBuildPhase section */
		C30893A728A2F42B004B1860 /* Frameworks */ = {
			isa = PBXFrameworksBuildPhase;
			buildActionMask = 2147483647;
			files = (
			);
			runOnlyForDeploymentPostprocessing = 0;
		};
/* End PBXFrameworksBuildPhase section */

/* Begin PBXGroup section */
		5411E07828EFC6A7000A3CE9 /* Detail */ = {
			isa = PBXGroup;
			children = (
				5411E07928EFC6E2000A3CE9 /* DetailViewController.swift */,
				5411E07A28EFC6E2000A3CE9 /* DetailViewController.xib */,
			);
			path = Detail;
			sourceTree = "<group>";
		};
		5411E07D28F0012B000A3CE9 /* CustomTabBarController */ = {
			isa = PBXGroup;
			children = (
				54350FA428DB949E00B30422 /* CustomTabBarController.swift */,
			);
			path = CustomTabBarController;
			sourceTree = "<group>";
		};
		54350FA628DBBDC300B30422 /* NowPlaying */ = {
			isa = PBXGroup;
			children = (
				54350FB728DBE9FA00B30422 /* NowPlayingViewController.swift */,
				54350FB828DBE9FA00B30422 /* NowPlayingViewController.xib */,
			);
			path = NowPlaying;
			sourceTree = "<group>";
		};
		54350FBB28DBF53B00B30422 /* MovieCell */ = {
			isa = PBXGroup;
			children = (
				54F2467928D917EF006AF344 /* MovieTableViewCell.swift */,
				54F2467A28D917EF006AF344 /* MovieTableViewCell.xib */,
			);
			path = MovieCell;
			sourceTree = "<group>";
		};
		54350FBC28DBF54900B30422 /* NowPlayingCell */ = {
			isa = PBXGroup;
			children = (
				54350FB328DBDD8300B30422 /* NowPlayingTableViewCell.swift */,
				54350FB428DBDD8300B30422 /* NowPlayingTableViewCell.xib */,
			);
			path = NowPlayingCell;
			sourceTree = "<group>";
		};
		54350FBD28DBF60B00B30422 /* Trending */ = {
			isa = PBXGroup;
			children = (
				C30893C328A2F845004B1860 /* TrendingViewController.swift */,
			);
			path = Trending;
			sourceTree = "<group>";
		};
		54350FBE28DBF62A00B30422 /* MovieModel */ = {
			isa = PBXGroup;
			children = (
				C30893E128A425E1004B1860 /* MovieAPIResponse.swift */,
				545AACEB28D3AB7700DFD9DF /* Movie.swift */,
			);
			path = MovieModel;
			sourceTree = "<group>";
		};
		54350FBF28DBF66F00B30422 /* Popular */ = {
			isa = PBXGroup;
			children = (
				54350FC028DBF69700B30422 /* PopularViewController.swift */,
				54350FC128DBF69700B30422 /* PopularViewController.xib */,
			);
			path = Popular;
			sourceTree = "<group>";
		};
		54350FC428DBF82800B30422 /* PopularCell */ = {
			isa = PBXGroup;
			children = (
				54350FC528DBF84E00B30422 /* PopularTableViewCell.swift */,
				54350FC628DBF84E00B30422 /* PopularTableViewCell.xib */,
			);
			path = PopularCell;
			sourceTree = "<group>";
		};
		54350FD328DC1F5800B30422 /* TopRated */ = {
			isa = PBXGroup;
			children = (
				54350FD428DC1F7200B30422 /* TopRatedViewController.swift */,
				54350FD528DC1F7200B30422 /* TopRatedViewController.xib */,
			);
			path = TopRated;
			sourceTree = "<group>";
		};
		54350FD828DC21C700B30422 /* TopRatedCell */ = {
			isa = PBXGroup;
			children = (
				54350FD928DC21E000B30422 /* TopRatedTableViewCell.swift */,
				54350FDA28DC21E000B30422 /* TopRatedTableViewCell.xib */,
			);
			path = TopRatedCell;
			sourceTree = "<group>";
		};
		54350FE728DCAF5F00B30422 /* Upcoming */ = {
			isa = PBXGroup;
			children = (
				54350FE828DCAF8000B30422 /* UpcomingViewController.swift */,
				54350FE928DCAF8000B30422 /* UpcomingViewController.xib */,
			);
			path = Upcoming;
			sourceTree = "<group>";
		};
		5442EA9728EC85B400BC4B20 /* Home */ = {
			isa = PBXGroup;
			children = (
				5442EAA628EC9CA400BC4B20 /* ReviewDetail */,
				5442EA9828EC85C700BC4B20 /* HomeViewController.swift */,
				5442EA9928EC85C700BC4B20 /* HomeViewController.xib */,
			);
			path = Home;
			sourceTree = "<group>";
		};
		5442EA9C28EC8CCC00BC4B20 /* Search */ = {
			isa = PBXGroup;
			children = (
				5442EA9D28EC8CE300BC4B20 /* SearchAPIResult.swift */,
				5442EAA428EC922300BC4B20 /* Search.swift */,
			);
			path = Search;
			sourceTree = "<group>";
		};
		5442EA9F28EC90C900BC4B20 /* SimpleSearchCell */ = {
			isa = PBXGroup;
			children = (
				5442EAA028EC90E700BC4B20 /* SimpleSearchTableViewCell.swift */,
				5442EAA128EC90E700BC4B20 /* SimpleSearchTableViewCell.xib */,
			);
			path = SimpleSearchCell;
			sourceTree = "<group>";
		};
		5442EAA628EC9CA400BC4B20 /* ReviewDetail */ = {
			isa = PBXGroup;
			children = (
				5442EAA728EC9CBD00BC4B20 /* ReviewViewController.swift */,
				5442EAA828EC9CBD00BC4B20 /* ReviewViewController.xib */,
			);
			path = ReviewDetail;
			sourceTree = "<group>";
		};
		5442EAAB28EC9DB400BC4B20 /* Review */ = {
			isa = PBXGroup;
			children = (
				5442EAAC28EC9DC300BC4B20 /* ReviewAPIResponse.swift */,
				5442EAAE28EC9DF500BC4B20 /* Review.swift */,
				5442EAB028EC9E5100BC4B20 /* AuthorDetails.swift */,
			);
			path = Review;
			sourceTree = "<group>";
		};
		5442EAB228ECA68500BC4B20 /* ReviewCell */ = {
			isa = PBXGroup;
			children = (
				5442EAB328ECA6A400BC4B20 /* ReviewTableViewCell.swift */,
				5442EAB428ECA6A400BC4B20 /* ReviewTableViewCell.xib */,
			);
			path = ReviewCell;
			sourceTree = "<group>";
		};
		54521B7628E727F7007D7BB2 /* UpcomingCV */ = {
			isa = PBXGroup;
			children = (
				54521B7728E72818007D7BB2 /* UpcomingCollectionViewCell.swift */,
				54521B7828E72818007D7BB2 /* UpcomingCollectionViewCell.xib */,
			);
			path = UpcomingCV;
			sourceTree = "<group>";
		};
		54521B7B28E7289F007D7BB2 /* ElementCV */ = {
			isa = PBXGroup;
			children = (
				5476D11B28DE3347005274D2 /* ElementCollectionViewCell.swift */,
				5476D11C28DE3347005274D2 /* ElementCollectionViewCell.xib */,
			);
			path = ElementCV;
			sourceTree = "<group>";
		};
		545AACE728D3A58200DFD9DF /* Services */ = {
			isa = PBXGroup;
			children = (
				C30893E028A425E1004B1860 /* MovieAPI.swift */,
			);
			path = Services;
			sourceTree = "<group>";
		};
		545AACE828D3A58D00DFD9DF /* Controller */ = {
			isa = PBXGroup;
			children = (
				5411E07D28F0012B000A3CE9 /* CustomTabBarController */,
				5411E07828EFC6A7000A3CE9 /* Detail */,
				5442EA9728EC85B400BC4B20 /* Home */,
				54350FE728DCAF5F00B30422 /* Upcoming */,
				54350FD328DC1F5800B30422 /* TopRated */,
				54350FBF28DBF66F00B30422 /* Popular */,
				54350FBD28DBF60B00B30422 /* Trending */,
				54350FA628DBBDC300B30422 /* NowPlaying */,
			);
			path = Controller;
			sourceTree = "<group>";
		};
		545AACE928D3A59400DFD9DF /* Model */ = {
			isa = PBXGroup;
			children = (
				5442EAAB28EC9DB400BC4B20 /* Review */,
				5442EA9C28EC8CCC00BC4B20 /* Search */,
				54350FBE28DBF62A00B30422 /* MovieModel */,
			);
			path = Model;
			sourceTree = "<group>";
		};
		545AACEA28D3A5AD00DFD9DF /* View */ = {
			isa = PBXGroup;
			children = (
				5476D11A28DE3316005274D2 /* CollecionCell */,
				54F2467828D917D4006AF344 /* Cell */,
				C30893B328A2F42B004B1860 /* Main.storyboard */,
				C30893B828A2F42D004B1860 /* LaunchScreen.storyboard */,
			);
			path = View;
			sourceTree = "<group>";
		};
		5476D11A28DE3316005274D2 /* CollecionCell */ = {
			isa = PBXGroup;
			children = (
				54521B7B28E7289F007D7BB2 /* ElementCV */,
				54521B7628E727F7007D7BB2 /* UpcomingCV */,
			);
			path = CollecionCell;
			sourceTree = "<group>";
		};
		54F2467828D917D4006AF344 /* Cell */ = {
			isa = PBXGroup;
			children = (
				5442EAB228ECA68500BC4B20 /* ReviewCell */,
				5442EA9F28EC90C900BC4B20 /* SimpleSearchCell */,
				54350FD828DC21C700B30422 /* TopRatedCell */,
				54350FC428DBF82800B30422 /* PopularCell */,
				54350FBC28DBF54900B30422 /* NowPlayingCell */,
				54350FBB28DBF53B00B30422 /* MovieCell */,
			);
			path = Cell;
			sourceTree = "<group>";
		};
		54F2467D28D92279006AF344 /* Extension */ = {
			isa = PBXGroup;
			children = (
				54F2467E28D92291006AF344 /* BAZPExtension.swift */,
			);
			path = Extension;
			sourceTree = "<group>";
		};
		C30893A128A2F42B004B1860 = {
			isa = PBXGroup;
			children = (
				C30893DA28A42481004B1860 /* README.md */,
				C383356D28CA917400FCE0D5 /* code-review-rubric.md */,
				C30893AC28A2F42B004B1860 /* BAZProjectC1 */,
				C30893AB28A2F42B004B1860 /* Products */,
			);
			sourceTree = "<group>";
		};
		C30893AB28A2F42B004B1860 /* Products */ = {
			isa = PBXGroup;
			children = (
				C30893AA28A2F42B004B1860 /* BAZProjectC1.app */,
			);
			name = Products;
			sourceTree = "<group>";
		};
		C30893AC28A2F42B004B1860 /* BAZProjectC1 */ = {
			isa = PBXGroup;
			children = (
				54F2467D28D92279006AF344 /* Extension */,
				545AACEA28D3A5AD00DFD9DF /* View */,
				545AACE928D3A59400DFD9DF /* Model */,
				545AACE828D3A58D00DFD9DF /* Controller */,
				545AACE728D3A58200DFD9DF /* Services */,
				C30893AD28A2F42B004B1860 /* AppDelegate.swift */,
				C30893AF28A2F42B004B1860 /* SceneDelegate.swift */,
				C30893B628A2F42D004B1860 /* Assets.xcassets */,
				C30893BB28A2F42D004B1860 /* Info.plist */,
			);
			path = BAZProjectC1;
			sourceTree = "<group>";
		};
/* End PBXGroup section */

/* Begin PBXNativeTarget section */
		C30893A928A2F42B004B1860 /* BAZProjectC1 */ = {
			isa = PBXNativeTarget;
			buildConfigurationList = C30893BE28A2F42D004B1860 /* Build configuration list for PBXNativeTarget "BAZProjectC1" */;
			buildPhases = (
				C30893A628A2F42B004B1860 /* Sources */,
				C30893A728A2F42B004B1860 /* Frameworks */,
				C30893A828A2F42B004B1860 /* Resources */,
			);
			buildRules = (
			);
			dependencies = (
			);
			name = BAZProjectC1;
			productName = BAZProjectC1;
			productReference = C30893AA28A2F42B004B1860 /* BAZProjectC1.app */;
			productType = "com.apple.product-type.application";
		};
/* End PBXNativeTarget section */

/* Begin PBXProject section */
		C30893A228A2F42B004B1860 /* Project object */ = {
			isa = PBXProject;
			attributes = {
				BuildIndependentTargetsInParallel = 1;
				LastSwiftUpdateCheck = 1340;
				LastUpgradeCheck = 1340;
				TargetAttributes = {
					C30893A928A2F42B004B1860 = {
						CreatedOnToolsVersion = 13.4.1;
					};
				};
			};
			buildConfigurationList = C30893A528A2F42B004B1860 /* Build configuration list for PBXProject "BAZProjectC1" */;
			compatibilityVersion = "Xcode 13.0";
			developmentRegion = en;
			hasScannedForEncodings = 0;
			knownRegions = (
				en,
				Base,
			);
			mainGroup = C30893A128A2F42B004B1860;
			productRefGroup = C30893AB28A2F42B004B1860 /* Products */;
			projectDirPath = "";
			projectRoot = "";
			targets = (
				C30893A928A2F42B004B1860 /* BAZProjectC1 */,
			);
		};
/* End PBXProject section */

/* Begin PBXResourcesBuildPhase section */
		C30893A828A2F42B004B1860 /* Resources */ = {
			isa = PBXResourcesBuildPhase;
			buildActionMask = 2147483647;
			files = (
				54350FD728DC1F7200B30422 /* TopRatedViewController.xib in Resources */,
				C30893BA28A2F42D004B1860 /* LaunchScreen.storyboard in Resources */,
				5442EAA328EC90E700BC4B20 /* SimpleSearchTableViewCell.xib in Resources */,
				54350FC328DBF69700B30422 /* PopularViewController.xib in Resources */,
				5442EAB628ECA6A400BC4B20 /* ReviewTableViewCell.xib in Resources */,
				C30893DB28A42481004B1860 /* README.md in Resources */,
				54F2467C28D917EF006AF344 /* MovieTableViewCell.xib in Resources */,
				C30893B728A2F42D004B1860 /* Assets.xcassets in Resources */,
				54350FBA28DBE9FA00B30422 /* NowPlayingViewController.xib in Resources */,
				5411E07C28EFC6E2000A3CE9 /* DetailViewController.xib in Resources */,
				5476D11E28DE3347005274D2 /* ElementCollectionViewCell.xib in Resources */,
				54350FB628DBDD8300B30422 /* NowPlayingTableViewCell.xib in Resources */,
				54350FC828DBF84E00B30422 /* PopularTableViewCell.xib in Resources */,
				54521B7A28E72818007D7BB2 /* UpcomingCollectionViewCell.xib in Resources */,
				C383356E28CA917400FCE0D5 /* code-review-rubric.md in Resources */,
				54350FEB28DCAF8000B30422 /* UpcomingViewController.xib in Resources */,
				54350FDC28DC21E000B30422 /* TopRatedTableViewCell.xib in Resources */,
				C30893B528A2F42B004B1860 /* Main.storyboard in Resources */,
				5442EAAA28EC9CBD00BC4B20 /* ReviewViewController.xib in Resources */,
				5442EA9B28EC85C700BC4B20 /* HomeViewController.xib in Resources */,
			);
			runOnlyForDeploymentPostprocessing = 0;
		};
/* End PBXResourcesBuildPhase section */

/* Begin PBXSourcesBuildPhase section */
		C30893A628A2F42B004B1860 /* Sources */ = {
			isa = PBXSourcesBuildPhase;
			buildActionMask = 2147483647;
			files = (
				5411E07B28EFC6E2000A3CE9 /* DetailViewController.swift in Sources */,
				5442EAA528EC922300BC4B20 /* Search.swift in Sources */,
				54350FB928DBE9FA00B30422 /* NowPlayingViewController.swift in Sources */,
				54F2467F28D92291006AF344 /* BAZPExtension.swift in Sources */,
				545AACEC28D3AB7700DFD9DF /* Movie.swift in Sources */,
				54350FEA28DCAF8000B30422 /* UpcomingViewController.swift in Sources */,
				5442EAAD28EC9DC300BC4B20 /* ReviewAPIResponse.swift in Sources */,
				54521B7928E72818007D7BB2 /* UpcomingCollectionViewCell.swift in Sources */,
				54350FC728DBF84E00B30422 /* PopularTableViewCell.swift in Sources */,
				C30893C428A2F845004B1860 /* TrendingViewController.swift in Sources */,
				54F2467B28D917EF006AF344 /* MovieTableViewCell.swift in Sources */,
				5476D11D28DE3347005274D2 /* ElementCollectionViewCell.swift in Sources */,
				5442EAB528ECA6A400BC4B20 /* ReviewTableViewCell.swift in Sources */,
				54350FB528DBDD8300B30422 /* NowPlayingTableViewCell.swift in Sources */,
				54350FC228DBF69700B30422 /* PopularViewController.swift in Sources */,
				5442EAAF28EC9DF500BC4B20 /* Review.swift in Sources */,
				5442EAA928EC9CBD00BC4B20 /* ReviewViewController.swift in Sources */,
				C30893AE28A2F42B004B1860 /* AppDelegate.swift in Sources */,
				C30893B028A2F42B004B1860 /* SceneDelegate.swift in Sources */,
				5442EA9A28EC85C700BC4B20 /* HomeViewController.swift in Sources */,
				54350FA528DB949E00B30422 /* CustomTabBarController.swift in Sources */,
				5442EAB128EC9E5100BC4B20 /* AuthorDetails.swift in Sources */,
				C30893E228A425E1004B1860 /* MovieAPI.swift in Sources */,
				54350FD628DC1F7200B30422 /* TopRatedViewController.swift in Sources */,
				54350FDB28DC21E000B30422 /* TopRatedTableViewCell.swift in Sources */,
				C30893E328A425E1004B1860 /* MovieAPIResponse.swift in Sources */,
				5442EAA228EC90E700BC4B20 /* SimpleSearchTableViewCell.swift in Sources */,
				5442EA9E28EC8CE300BC4B20 /* SearchAPIResult.swift in Sources */,
			);
			runOnlyForDeploymentPostprocessing = 0;
		};
/* End PBXSourcesBuildPhase section */

/* Begin PBXVariantGroup section */
		C30893B328A2F42B004B1860 /* Main.storyboard */ = {
			isa = PBXVariantGroup;
			children = (
				C30893B428A2F42B004B1860 /* Base */,
			);
			name = Main.storyboard;
			sourceTree = "<group>";
		};
		C30893B828A2F42D004B1860 /* LaunchScreen.storyboard */ = {
			isa = PBXVariantGroup;
			children = (
				C30893B928A2F42D004B1860 /* Base */,
			);
			name = LaunchScreen.storyboard;
			sourceTree = "<group>";
		};
/* End PBXVariantGroup section */

/* Begin XCBuildConfiguration section */
		C30893BC28A2F42D004B1860 /* Debug */ = {
			isa = XCBuildConfiguration;
			buildSettings = {
				ALWAYS_SEARCH_USER_PATHS = NO;
				CLANG_ANALYZER_NONNULL = YES;
				CLANG_ANALYZER_NUMBER_OBJECT_CONVERSION = YES_AGGRESSIVE;
				CLANG_CXX_LANGUAGE_STANDARD = "gnu++17";
				CLANG_ENABLE_MODULES = YES;
				CLANG_ENABLE_OBJC_ARC = YES;
				CLANG_ENABLE_OBJC_WEAK = YES;
				CLANG_WARN_BLOCK_CAPTURE_AUTORELEASING = YES;
				CLANG_WARN_BOOL_CONVERSION = YES;
				CLANG_WARN_COMMA = YES;
				CLANG_WARN_CONSTANT_CONVERSION = YES;
				CLANG_WARN_DEPRECATED_OBJC_IMPLEMENTATIONS = YES;
				CLANG_WARN_DIRECT_OBJC_ISA_USAGE = YES_ERROR;
				CLANG_WARN_DOCUMENTATION_COMMENTS = YES;
				CLANG_WARN_EMPTY_BODY = YES;
				CLANG_WARN_ENUM_CONVERSION = YES;
				CLANG_WARN_INFINITE_RECURSION = YES;
				CLANG_WARN_INT_CONVERSION = YES;
				CLANG_WARN_NON_LITERAL_NULL_CONVERSION = YES;
				CLANG_WARN_OBJC_IMPLICIT_RETAIN_SELF = YES;
				CLANG_WARN_OBJC_LITERAL_CONVERSION = YES;
				CLANG_WARN_OBJC_ROOT_CLASS = YES_ERROR;
				CLANG_WARN_QUOTED_INCLUDE_IN_FRAMEWORK_HEADER = YES;
				CLANG_WARN_RANGE_LOOP_ANALYSIS = YES;
				CLANG_WARN_STRICT_PROTOTYPES = YES;
				CLANG_WARN_SUSPICIOUS_MOVE = YES;
				CLANG_WARN_UNGUARDED_AVAILABILITY = YES_AGGRESSIVE;
				CLANG_WARN_UNREACHABLE_CODE = YES;
				CLANG_WARN__DUPLICATE_METHOD_MATCH = YES;
				COPY_PHASE_STRIP = NO;
				DEBUG_INFORMATION_FORMAT = dwarf;
				ENABLE_STRICT_OBJC_MSGSEND = YES;
				ENABLE_TESTABILITY = YES;
				GCC_C_LANGUAGE_STANDARD = gnu11;
				GCC_DYNAMIC_NO_PIC = NO;
				GCC_NO_COMMON_BLOCKS = YES;
				GCC_OPTIMIZATION_LEVEL = 0;
				GCC_PREPROCESSOR_DEFINITIONS = (
					"DEBUG=1",
					"$(inherited)",
				);
				GCC_WARN_64_TO_32_BIT_CONVERSION = YES;
				GCC_WARN_ABOUT_RETURN_TYPE = YES_ERROR;
				GCC_WARN_UNDECLARED_SELECTOR = YES;
				GCC_WARN_UNINITIALIZED_AUTOS = YES_AGGRESSIVE;
				GCC_WARN_UNUSED_FUNCTION = YES;
				GCC_WARN_UNUSED_VARIABLE = YES;
				IPHONEOS_DEPLOYMENT_TARGET = 14.0;
				MTL_ENABLE_DEBUG_INFO = INCLUDE_SOURCE;
				MTL_FAST_MATH = YES;
				ONLY_ACTIVE_ARCH = YES;
				SDKROOT = iphoneos;
				SWIFT_ACTIVE_COMPILATION_CONDITIONS = DEBUG;
				SWIFT_OPTIMIZATION_LEVEL = "-Onone";
			};
			name = Debug;
		};
		C30893BD28A2F42D004B1860 /* Release */ = {
			isa = XCBuildConfiguration;
			buildSettings = {
				ALWAYS_SEARCH_USER_PATHS = NO;
				CLANG_ANALYZER_NONNULL = YES;
				CLANG_ANALYZER_NUMBER_OBJECT_CONVERSION = YES_AGGRESSIVE;
				CLANG_CXX_LANGUAGE_STANDARD = "gnu++17";
				CLANG_ENABLE_MODULES = YES;
				CLANG_ENABLE_OBJC_ARC = YES;
				CLANG_ENABLE_OBJC_WEAK = YES;
				CLANG_WARN_BLOCK_CAPTURE_AUTORELEASING = YES;
				CLANG_WARN_BOOL_CONVERSION = YES;
				CLANG_WARN_COMMA = YES;
				CLANG_WARN_CONSTANT_CONVERSION = YES;
				CLANG_WARN_DEPRECATED_OBJC_IMPLEMENTATIONS = YES;
				CLANG_WARN_DIRECT_OBJC_ISA_USAGE = YES_ERROR;
				CLANG_WARN_DOCUMENTATION_COMMENTS = YES;
				CLANG_WARN_EMPTY_BODY = YES;
				CLANG_WARN_ENUM_CONVERSION = YES;
				CLANG_WARN_INFINITE_RECURSION = YES;
				CLANG_WARN_INT_CONVERSION = YES;
				CLANG_WARN_NON_LITERAL_NULL_CONVERSION = YES;
				CLANG_WARN_OBJC_IMPLICIT_RETAIN_SELF = YES;
				CLANG_WARN_OBJC_LITERAL_CONVERSION = YES;
				CLANG_WARN_OBJC_ROOT_CLASS = YES_ERROR;
				CLANG_WARN_QUOTED_INCLUDE_IN_FRAMEWORK_HEADER = YES;
				CLANG_WARN_RANGE_LOOP_ANALYSIS = YES;
				CLANG_WARN_STRICT_PROTOTYPES = YES;
				CLANG_WARN_SUSPICIOUS_MOVE = YES;
				CLANG_WARN_UNGUARDED_AVAILABILITY = YES_AGGRESSIVE;
				CLANG_WARN_UNREACHABLE_CODE = YES;
				CLANG_WARN__DUPLICATE_METHOD_MATCH = YES;
				COPY_PHASE_STRIP = NO;
				DEBUG_INFORMATION_FORMAT = "dwarf-with-dsym";
				ENABLE_NS_ASSERTIONS = NO;
				ENABLE_STRICT_OBJC_MSGSEND = YES;
				GCC_C_LANGUAGE_STANDARD = gnu11;
				GCC_NO_COMMON_BLOCKS = YES;
				GCC_WARN_64_TO_32_BIT_CONVERSION = YES;
				GCC_WARN_ABOUT_RETURN_TYPE = YES_ERROR;
				GCC_WARN_UNDECLARED_SELECTOR = YES;
				GCC_WARN_UNINITIALIZED_AUTOS = YES_AGGRESSIVE;
				GCC_WARN_UNUSED_FUNCTION = YES;
				GCC_WARN_UNUSED_VARIABLE = YES;
				IPHONEOS_DEPLOYMENT_TARGET = 14.0;
				MTL_ENABLE_DEBUG_INFO = NO;
				MTL_FAST_MATH = YES;
				SDKROOT = iphoneos;
				SWIFT_COMPILATION_MODE = wholemodule;
				SWIFT_OPTIMIZATION_LEVEL = "-O";
				VALIDATE_PRODUCT = YES;
			};
			name = Release;
		};
		C30893BF28A2F42D004B1860 /* Debug */ = {
			isa = XCBuildConfiguration;
			buildSettings = {
				ASSETCATALOG_COMPILER_APPICON_NAME = AppIcon;
				ASSETCATALOG_COMPILER_GLOBAL_ACCENT_COLOR_NAME = AccentColor;
				CODE_SIGN_IDENTITY = "Apple Development";
				CODE_SIGN_STYLE = Automatic;
				CURRENT_PROJECT_VERSION = 1;
				DEVELOPMENT_TEAM = K3CP3A2L68;
				GENERATE_INFOPLIST_FILE = YES;
				INFOPLIST_FILE = BAZProjectC1/Info.plist;
				INFOPLIST_KEY_UIApplicationSupportsIndirectInputEvents = YES;
				INFOPLIST_KEY_UILaunchStoryboardName = LaunchScreen;
				INFOPLIST_KEY_UIMainStoryboardFile = Main;
				INFOPLIST_KEY_UISupportedInterfaceOrientations_iPad = "UIInterfaceOrientationPortrait UIInterfaceOrientationPortraitUpsideDown UIInterfaceOrientationLandscapeLeft UIInterfaceOrientationLandscapeRight";
				INFOPLIST_KEY_UISupportedInterfaceOrientations_iPhone = "UIInterfaceOrientationPortrait UIInterfaceOrientationLandscapeLeft UIInterfaceOrientationLandscapeRight";
				IPHONEOS_DEPLOYMENT_TARGET = 14.0;
				LD_RUNPATH_SEARCH_PATHS = (
					"$(inherited)",
					"@executable_path/Frameworks",
				);
				MARKETING_VERSION = 1.0;
				PRODUCT_BUNDLE_IDENTIFIER = com.baz.wizeline.BAZProjectC1;
				PRODUCT_NAME = "$(TARGET_NAME)";
				PROVISIONING_PROFILE_SPECIFIER = "";
				SWIFT_EMIT_LOC_STRINGS = YES;
				SWIFT_VERSION = 5.0;
				TARGETED_DEVICE_FAMILY = 1;
			};
			name = Debug;
		};
		C30893C028A2F42D004B1860 /* Release */ = {
			isa = XCBuildConfiguration;
			buildSettings = {
				ASSETCATALOG_COMPILER_APPICON_NAME = AppIcon;
				ASSETCATALOG_COMPILER_GLOBAL_ACCENT_COLOR_NAME = AccentColor;
				CODE_SIGN_IDENTITY = "Apple Development";
				CODE_SIGN_STYLE = Automatic;
				CURRENT_PROJECT_VERSION = 1;
				DEVELOPMENT_TEAM = K3CP3A2L68;
				GENERATE_INFOPLIST_FILE = YES;
				INFOPLIST_FILE = BAZProjectC1/Info.plist;
				INFOPLIST_KEY_UIApplicationSupportsIndirectInputEvents = YES;
				INFOPLIST_KEY_UILaunchStoryboardName = LaunchScreen;
				INFOPLIST_KEY_UIMainStoryboardFile = Main;
				INFOPLIST_KEY_UISupportedInterfaceOrientations_iPad = "UIInterfaceOrientationPortrait UIInterfaceOrientationPortraitUpsideDown UIInterfaceOrientationLandscapeLeft UIInterfaceOrientationLandscapeRight";
				INFOPLIST_KEY_UISupportedInterfaceOrientations_iPhone = "UIInterfaceOrientationPortrait UIInterfaceOrientationLandscapeLeft UIInterfaceOrientationLandscapeRight";
				IPHONEOS_DEPLOYMENT_TARGET = 14.0;
				LD_RUNPATH_SEARCH_PATHS = (
					"$(inherited)",
					"@executable_path/Frameworks",
				);
				MARKETING_VERSION = 1.0;
				PRODUCT_BUNDLE_IDENTIFIER = com.baz.wizeline.BAZProjectC1;
				PRODUCT_NAME = "$(TARGET_NAME)";
				PROVISIONING_PROFILE_SPECIFIER = "";
				SWIFT_EMIT_LOC_STRINGS = YES;
				SWIFT_VERSION = 5.0;
				TARGETED_DEVICE_FAMILY = 1;
			};
			name = Release;
		};
/* End XCBuildConfiguration section */

/* Begin XCConfigurationList section */
		C30893A528A2F42B004B1860 /* Build configuration list for PBXProject "BAZProjectC1" */ = {
			isa = XCConfigurationList;
			buildConfigurations = (
				C30893BC28A2F42D004B1860 /* Debug */,
				C30893BD28A2F42D004B1860 /* Release */,
			);
			defaultConfigurationIsVisible = 0;
			defaultConfigurationName = Release;
		};
		C30893BE28A2F42D004B1860 /* Build configuration list for PBXNativeTarget "BAZProjectC1" */ = {
			isa = XCConfigurationList;
			buildConfigurations = (
				C30893BF28A2F42D004B1860 /* Debug */,
				C30893C028A2F42D004B1860 /* Release */,
			);
			defaultConfigurationIsVisible = 0;
			defaultConfigurationName = Release;
		};
/* End XCConfigurationList section */
	};
	rootObject = C30893A228A2F42B004B1860 /* Project object */;
}
